// !$*UTF8*$!
{
	archiveVersion = 1;
	classes = {
	};
	objectVersion = 54;
	objects = {

/* Begin PBXBuildFile section */
		00E356F31AD99517003FC87E /* weatherForecastRNAppTests.m in Sources */ = {isa = PBXBuildFile; fileRef = 00E356F21AD99517003FC87E /* weatherForecastRNAppTests.m */; };
		03DBB968E6424CE7A8BDCEFB /* Ubuntu-Medium.ttf in Resources */ = {isa = PBXBuildFile; fileRef = 474021BB1E39492786931E19 /* Ubuntu-Medium.ttf */; };
		06BE54EA15374D599E9C5060 /* Roboto-Italic.ttf in Resources */ = {isa = PBXBuildFile; fileRef = BF71038B3FA347A290583BBF /* Roboto-Italic.ttf */; };
		079A5D4E3A2F4819A322507F /* Montserrat-Medium.ttf in Resources */ = {isa = PBXBuildFile; fileRef = 535A32E200CD433BB3A0A244 /* Montserrat-Medium.ttf */; };
		08E890AEBAE94E749337C45A /* Lato-LightItalic.ttf in Resources */ = {isa = PBXBuildFile; fileRef = 6F0B47989DEC4E9BA33FDAD6 /* Lato-LightItalic.ttf */; };
		0E0969AD56B44CF49562911C /* Roboto-Bold.ttf in Resources */ = {isa = PBXBuildFile; fileRef = D743C24325384DBE869539BD /* Roboto-Bold.ttf */; };
		0FC08C31220E41AB8F931DDF /* Lato-Bold.ttf in Resources */ = {isa = PBXBuildFile; fileRef = 8B2EAF7BB7F846539987EC4C /* Lato-Bold.ttf */; };
		12CDE6AFE3E4483CB08A8523 /* Montserrat-ExtraBold.ttf in Resources */ = {isa = PBXBuildFile; fileRef = 11FAAAC7716D4A04BB890681 /* Montserrat-ExtraBold.ttf */; };
		132D85F7F2954F1C8B4A9148 /* OpenSans_Condensed-SemiBoldItalic.ttf in Resources */ = {isa = PBXBuildFile; fileRef = EAA2767455BE45EE9C0D47E8 /* OpenSans_Condensed-SemiBoldItalic.ttf */; };
		13B07FBC1A68108700A75B9A /* AppDelegate.mm in Sources */ = {isa = PBXBuildFile; fileRef = 13B07FB01A68108700A75B9A /* AppDelegate.mm */; };
		13B07FBF1A68108700A75B9A /* Images.xcassets in Resources */ = {isa = PBXBuildFile; fileRef = 13B07FB51A68108700A75B9A /* Images.xcassets */; };
		13B07FC11A68108700A75B9A /* main.m in Sources */ = {isa = PBXBuildFile; fileRef = 13B07FB71A68108700A75B9A /* main.m */; };
		14A4CE1390884A0FA710571F /* SFUIDisplay-Heavy.otf in Resources */ = {isa = PBXBuildFile; fileRef = 9F191792E0C246E880851EC5 /* SFUIDisplay-Heavy.otf */; };
		18F86292D55F4ED5B2FB4861 /* OpenSans_Condensed-Medium.ttf in Resources */ = {isa = PBXBuildFile; fileRef = DFC722F741634659A5482977 /* OpenSans_Condensed-Medium.ttf */; };
		1947CF4B6F004D3688717C6F /* OpenSans-SemiBoldItalic.ttf in Resources */ = {isa = PBXBuildFile; fileRef = E3AE3E261F2042558187E100 /* OpenSans-SemiBoldItalic.ttf */; };
		217569D1092D45719AB6420E /* SFUIDisplay-Bold.otf in Resources */ = {isa = PBXBuildFile; fileRef = 852EADA5E4644B509C921981 /* SFUIDisplay-Bold.otf */; };
		21D707407A884F6785391F5C /* Roboto-ThinItalic.ttf in Resources */ = {isa = PBXBuildFile; fileRef = 0C1D81B05D1446CB9A5AC0EB /* Roboto-ThinItalic.ttf */; };
		2B7AF789FDBB49FF93F54DF0 /* SFUIDisplay-Medium.otf in Resources */ = {isa = PBXBuildFile; fileRef = 83EEFD59730F416A8DEE1753 /* SFUIDisplay-Medium.otf */; };
		2BA3C488AE0C4EBA8D7D47FE /* OpenSans-MediumItalic.ttf in Resources */ = {isa = PBXBuildFile; fileRef = 95E86F131D234C9A8D3DB6FF /* OpenSans-MediumItalic.ttf */; };
		2D167C699FAF444BA2AB0263 /* OpenSans_Condensed-Bold.ttf in Resources */ = {isa = PBXBuildFile; fileRef = AFB75C5606424ABE84B78532 /* OpenSans_Condensed-Bold.ttf */; };
		32ED669672234160B32FFEE6 /* OpenSans_SemiCondensed-BoldItalic.ttf in Resources */ = {isa = PBXBuildFile; fileRef = 3B0260E490F74B2D85012837 /* OpenSans_SemiCondensed-BoldItalic.ttf */; };
		34B8CD14E8634465B03C372D /* OpenSans-LightItalic.ttf in Resources */ = {isa = PBXBuildFile; fileRef = AD620915B53444BAA23D3A85 /* OpenSans-LightItalic.ttf */; };
		36E14EC8B0D445C3A34C22F5 /* SFUIDisplay-Thin.otf in Resources */ = {isa = PBXBuildFile; fileRef = 3AF4E85F028B49619F8ECDBA /* SFUIDisplay-Thin.otf */; };
		3755F7EEA62C479AB0EDE1FF /* OpenSans_SemiCondensed-Regular.ttf in Resources */ = {isa = PBXBuildFile; fileRef = 92D949A35F1C4E889BC31C50 /* OpenSans_SemiCondensed-Regular.ttf */; };
		37764D1BC08A469FAC66D4E1 /* Lato-Italic.ttf in Resources */ = {isa = PBXBuildFile; fileRef = 1DAFE400559640BD8F2F8E7E /* Lato-Italic.ttf */; };
		380E821A2CCF46A08368DDBA /* OpenSans_SemiCondensed-Medium.ttf in Resources */ = {isa = PBXBuildFile; fileRef = B56B86904C7846FBA323C45A /* OpenSans_SemiCondensed-Medium.ttf */; };
		3AE53BE078F248F6B15D2034 /* OpenSans-ExtraBold.ttf in Resources */ = {isa = PBXBuildFile; fileRef = 92ADB5F59BE84B9EB0F2109F /* OpenSans-ExtraBold.ttf */; };
		3B05DA7707404CEC936141DF /* Ubuntu-LightItalic.ttf in Resources */ = {isa = PBXBuildFile; fileRef = EFB0B126DCF44A37A468FFF3 /* Ubuntu-LightItalic.ttf */; };
		479593119BB3444B934A1573 /* OpenSans_SemiCondensed-ExtraBoldItalic.ttf in Resources */ = {isa = PBXBuildFile; fileRef = 035BCA80DBAF432ABDD4D075 /* OpenSans_SemiCondensed-ExtraBoldItalic.ttf */; };
		4CD3E9F5E01F442298C282E1 /* Lato-Thin.ttf in Resources */ = {isa = PBXBuildFile; fileRef = 5D2AE0F7D12043A4916AC40F /* Lato-Thin.ttf */; };
		4E152B8F889242C79CC38385 /* Lato-BoldItalic.ttf in Resources */ = {isa = PBXBuildFile; fileRef = F38A028E947C4BE6917475FA /* Lato-BoldItalic.ttf */; };
		4F8AE5494880481DAC25D834 /* OpenSans_Condensed-SemiBold.ttf in Resources */ = {isa = PBXBuildFile; fileRef = A4641E6070E5479A9C8B1534 /* OpenSans_Condensed-SemiBold.ttf */; };
		4F95865272BB47A286185214 /* OpenSans_Condensed-BoldItalic.ttf in Resources */ = {isa = PBXBuildFile; fileRef = E94A7C232D3B476693C1A996 /* OpenSans_Condensed-BoldItalic.ttf */; };
		50FBB31756CD475E9519F191 /* Roboto-Black.ttf in Resources */ = {isa = PBXBuildFile; fileRef = A7C893EFC3DE4CC2854063E9 /* Roboto-Black.ttf */; };
		568AF1C6B83D4E78B130E497 /* Montserrat-Light.ttf in Resources */ = {isa = PBXBuildFile; fileRef = F03CA8D1A6A049FB949D0B75 /* Montserrat-Light.ttf */; };
		57C9561EE79E49C99AE154FB /* OpenSans_Condensed-MediumItalic.ttf in Resources */ = {isa = PBXBuildFile; fileRef = C75AB6AEAAA4402FB1D3C24A /* OpenSans_Condensed-MediumItalic.ttf */; };
		57CE78333E9F4B329EC4B58C /* Lato-BlackItalic.ttf in Resources */ = {isa = PBXBuildFile; fileRef = 40606583C05D4290BB6B99AE /* Lato-BlackItalic.ttf */; };
		581BA2F3FD7B4FE7B184EC5F /* OpenSans-Bold.ttf in Resources */ = {isa = PBXBuildFile; fileRef = BF9AC8D691CD4371A7C97606 /* OpenSans-Bold.ttf */; };
		59DDD8BC6B154B608C8E6638 /* Montserrat-BoldItalic.ttf in Resources */ = {isa = PBXBuildFile; fileRef = 7573C0E9F62548C19BEB5EA4 /* Montserrat-BoldItalic.ttf */; };
		5AE4DEAF1A434FA8AB5EFB74 /* SFUIDisplay-Black.otf in Resources */ = {isa = PBXBuildFile; fileRef = DFC8A57DA1504EBE98E2881D /* SFUIDisplay-Black.otf */; };
		5DABD002695E4E2B92EA99DD /* Montserrat-ExtraLight.ttf in Resources */ = {isa = PBXBuildFile; fileRef = 2FCEBF597FA84017923CD572 /* Montserrat-ExtraLight.ttf */; };
		6106CE8CA7454359B3984CE7 /* Lato-ThinItalic.ttf in Resources */ = {isa = PBXBuildFile; fileRef = ABF2DE3662FB45918A704AF4 /* Lato-ThinItalic.ttf */; };
		62C3772353664133B47DFA30 /* OpenSans-SemiBold.ttf in Resources */ = {isa = PBXBuildFile; fileRef = 94F00ADD222143BEA9162DF2 /* OpenSans-SemiBold.ttf */; };
		6A4A231D780146DEBD00CBDB /* Ubuntu-Regular.ttf in Resources */ = {isa = PBXBuildFile; fileRef = 9B1F770571C047D0B85615FA /* Ubuntu-Regular.ttf */; };
		6A941C839C934944A7B4F1B3 /* OpenSans_SemiCondensed-SemiBold.ttf in Resources */ = {isa = PBXBuildFile; fileRef = 2DEBEC9E9EFF42D3949C4395 /* OpenSans_SemiCondensed-SemiBold.ttf */; };
		72C0F02CEC4143E69CB4D1D1 /* Montserrat-LightItalic.ttf in Resources */ = {isa = PBXBuildFile; fileRef = 0EF25A9311C64D91BDD7428C /* Montserrat-LightItalic.ttf */; };
		73C7DD0823D5415AA42E3574 /* OpenSans_SemiCondensed-ExtraBold.ttf in Resources */ = {isa = PBXBuildFile; fileRef = 5D5DA65F0F9D487E850E6B1A /* OpenSans_SemiCondensed-ExtraBold.ttf */; };
		77481906179448EDB5983C90 /* SFUIDisplay-Ultralight.otf in Resources */ = {isa = PBXBuildFile; fileRef = E2F307C66F954E2E92C32B1E /* SFUIDisplay-Ultralight.otf */; };
		7B98B3EB0CE2469FAD2D635B /* OpenSans_Condensed-Light.ttf in Resources */ = {isa = PBXBuildFile; fileRef = 16A7CDE6646D4E9FBD60C6B4 /* OpenSans_Condensed-Light.ttf */; };
		815F54E98D974ABF97FE21DE /* Lato-Black.ttf in Resources */ = {isa = PBXBuildFile; fileRef = B7C2714138D040E28E1AC994 /* Lato-Black.ttf */; };
		81AB9BB82411601600AC10FF /* LaunchScreen.storyboard in Resources */ = {isa = PBXBuildFile; fileRef = 81AB9BB72411601600AC10FF /* LaunchScreen.storyboard */; };
		83540952A4134D21AB14A47D /* Roboto-LightItalic.ttf in Resources */ = {isa = PBXBuildFile; fileRef = F5771E07098F4324AFC4B64A /* Roboto-LightItalic.ttf */; };
		8374A3274D504ECF846B67E0 /* Roboto-BoldItalic.ttf in Resources */ = {isa = PBXBuildFile; fileRef = 8666FF890FC348108DB3DC96 /* Roboto-BoldItalic.ttf */; };
		84E21CDEC8E44069A22E695D /* Montserrat-ThinItalic.ttf in Resources */ = {isa = PBXBuildFile; fileRef = 14C096A56B834346AFAE66E9 /* Montserrat-ThinItalic.ttf */; };
		8913067E1DC445FEA8ACE703 /* Ubuntu-BoldItalic.ttf in Resources */ = {isa = PBXBuildFile; fileRef = 83CB6AEB0D3445DEA6E637D8 /* Ubuntu-BoldItalic.ttf */; };
		939D7D29C02845B2A1894836 /* Montserrat-Regular.ttf in Resources */ = {isa = PBXBuildFile; fileRef = F6A6A050E42746339CE1E912 /* Montserrat-Regular.ttf */; };
		9451484BD3844888A1C49F89 /* OpenSans_SemiCondensed-Italic.ttf in Resources */ = {isa = PBXBuildFile; fileRef = A59DB8B6CD5948138FE89265 /* OpenSans_SemiCondensed-Italic.ttf */; };
		9567E134D8CE4C56812527E9 /* Roboto-Medium.ttf in Resources */ = {isa = PBXBuildFile; fileRef = 4175E0A0F806426982D2BE2C /* Roboto-Medium.ttf */; };
		95DCAB1288154FAF9F20F456 /* Ubuntu-Bold.ttf in Resources */ = {isa = PBXBuildFile; fileRef = 180391C099C54D5C81BE7762 /* Ubuntu-Bold.ttf */; };
		96C8A39862CA4D35B3E88A83 /* OpenSans_SemiCondensed-Light.ttf in Resources */ = {isa = PBXBuildFile; fileRef = 455B29BD24DD42CBA0DFAAB4 /* OpenSans_SemiCondensed-Light.ttf */; };
		9A68E1D7DA77473097E84DE0 /* OpenSans-Medium.ttf in Resources */ = {isa = PBXBuildFile; fileRef = 2DB1438DD41C42179442637A /* OpenSans-Medium.ttf */; };
		9C7485120543417498E8B54F /* Montserrat-Black.ttf in Resources */ = {isa = PBXBuildFile; fileRef = 15FBC723EFD742A7904D010A /* Montserrat-Black.ttf */; };
		9E726DD00802472086E18AE5 /* OpenSans_Condensed-LightItalic.ttf in Resources */ = {isa = PBXBuildFile; fileRef = 3D7FC83CEBF641B180C8FD1D /* OpenSans_Condensed-LightItalic.ttf */; };
		9F0A0054816F4E24B5F7B61F /* OpenSans_SemiCondensed-MediumItalic.ttf in Resources */ = {isa = PBXBuildFile; fileRef = 3A18A1422E2341A5B990B40D /* OpenSans_SemiCondensed-MediumItalic.ttf */; };
		9F92980D76FE4C668B7E81F6 /* Montserrat-ExtraLightItalic.ttf in Resources */ = {isa = PBXBuildFile; fileRef = 92112B6090344418BED6DBE9 /* Montserrat-ExtraLightItalic.ttf */; };
		A04D6D32247A48E18342950A /* Roboto-Light.ttf in Resources */ = {isa = PBXBuildFile; fileRef = 84C80CD41FA44EA7A70CD640 /* Roboto-Light.ttf */; };
		A2926B5C1419483AA514CF2B /* OpenSans_Condensed-Italic.ttf in Resources */ = {isa = PBXBuildFile; fileRef = D320353608FA4706830A74C6 /* OpenSans_Condensed-Italic.ttf */; };
		A89CBC2C848E449B892790DA /* Roboto-Regular.ttf in Resources */ = {isa = PBXBuildFile; fileRef = 560A4A7CC92D4AE0975D2E5D /* Roboto-Regular.ttf */; };
		A8E49296EB8F4FE7A58E2A87 /* OpenSans_Condensed-ExtraBoldItalic.ttf in Resources */ = {isa = PBXBuildFile; fileRef = 3634FB0FF7DE43BD8F0DD9F5 /* OpenSans_Condensed-ExtraBoldItalic.ttf */; };
		AAB4C3E6DF5F43FE87F6E7C7 /* Montserrat-Italic.ttf in Resources */ = {isa = PBXBuildFile; fileRef = D136798EFFD448ADAD25BB69 /* Montserrat-Italic.ttf */; };
		AAD34CEBE140410BAFF7E847 /* OpenSans-ExtraBoldItalic.ttf in Resources */ = {isa = PBXBuildFile; fileRef = 04ECA70F86FF43E2B253E9B3 /* OpenSans-ExtraBoldItalic.ttf */; };
		AE512CE284AE4150A11D9866 /* SFUIDisplay-Light.otf in Resources */ = {isa = PBXBuildFile; fileRef = 2A9AF1C95E1A433EB2065C03 /* SFUIDisplay-Light.otf */; };
		B4B83BB1082741E49A609DDE /* Lato-Regular.ttf in Resources */ = {isa = PBXBuildFile; fileRef = F47CC301463541C4BD05A9DB /* Lato-Regular.ttf */; };
		B5D80F4A68C9441EBEEB8F23 /* OpenSans_SemiCondensed-SemiBoldItalic.ttf in Resources */ = {isa = PBXBuildFile; fileRef = 423FD4D7DCE442C983C2190D /* OpenSans_SemiCondensed-SemiBoldItalic.ttf */; };
		B8E32F3C42B647F08594521E /* Montserrat-Bold.ttf in Resources */ = {isa = PBXBuildFile; fileRef = 42D3196E2DDC42DDB6FB023F /* Montserrat-Bold.ttf */; };
		B9AE9187A48947E6A81330B1 /* OpenSans-Italic.ttf in Resources */ = {isa = PBXBuildFile; fileRef = EF82076258E94A2CBC1FF8AC /* OpenSans-Italic.ttf */; };
		BC8612C38B2D98F8A89A7C18 /* libPods-weatherForecastRNApp.a in Frameworks */ = {isa = PBXBuildFile; fileRef = D890F37A05BA2357A6E598AE /* libPods-weatherForecastRNApp.a */; };
		BCA39ED8050745DAAE3B8359 /* OpenSans_SemiCondensed-LightItalic.ttf in Resources */ = {isa = PBXBuildFile; fileRef = DA0540CAF5B1452D8115074A /* OpenSans_SemiCondensed-LightItalic.ttf */; };
		C032C38EC4F842BF60A1D084 /* libPods-weatherForecastRNApp-weatherForecastRNAppTests.a in Frameworks */ = {isa = PBXBuildFile; fileRef = 0C9910263B0040C64069C895 /* libPods-weatherForecastRNApp-weatherForecastRNAppTests.a */; };
		C200CE02F1D14732B4DE4AF2 /* OpenSans_Condensed-Regular.ttf in Resources */ = {isa = PBXBuildFile; fileRef = A3C1EEF7931F4518ABDA486C /* OpenSans_Condensed-Regular.ttf */; };
		C58EEEACFA8D4E15BA4E4F3A /* Ubuntu-Light.ttf in Resources */ = {isa = PBXBuildFile; fileRef = 4C60B1E07BAE4243AD926D37 /* Ubuntu-Light.ttf */; };
		CF6CDB7D1DDF4C9F9941972A /* Ubuntu-MediumItalic.ttf in Resources */ = {isa = PBXBuildFile; fileRef = 12CF00130C8A491A9AA75D1B /* Ubuntu-MediumItalic.ttf */; };
		D0AB1252288048E6A46C3555 /* SFUIDisplay-Semibold.otf in Resources */ = {isa = PBXBuildFile; fileRef = BB5B3D1B6FB445BABE5484B4 /* SFUIDisplay-Semibold.otf */; };
		D6EB91EA70064EE399FF1EAF /* OpenSans-BoldItalic.ttf in Resources */ = {isa = PBXBuildFile; fileRef = 80FB31660A8E45AD978B865B /* OpenSans-BoldItalic.ttf */; };
		D7A893677EEA448BA601321E /* OpenSans-Light.ttf in Resources */ = {isa = PBXBuildFile; fileRef = E1B054968E2149CBBFFC2055 /* OpenSans-Light.ttf */; };
		DAAC2ACA25914FBD9DEE47DC /* Montserrat-MediumItalic.ttf in Resources */ = {isa = PBXBuildFile; fileRef = 6466DF8A3B934BE4AAE07DB5 /* Montserrat-MediumItalic.ttf */; };
		DB0C6B6487944D94AD6B1AE3 /* Roboto-Thin.ttf in Resources */ = {isa = PBXBuildFile; fileRef = A5CF3D9E46AD4C738C4F4DA0 /* Roboto-Thin.ttf */; };
		E032A37A7473486DBC1FB208 /* OpenSans_SemiCondensed-Bold.ttf in Resources */ = {isa = PBXBuildFile; fileRef = EA0F96AFD12F492BA6F911EB /* OpenSans_SemiCondensed-Bold.ttf */; };
		E37B84B0E2F2418E8D4BE5C5 /* Montserrat-SemiBold.ttf in Resources */ = {isa = PBXBuildFile; fileRef = DF6DE0350FD346F6AD31DC2C /* Montserrat-SemiBold.ttf */; };
		E3EFD57B14144325BBC426F9 /* Montserrat-SemiBoldItalic.ttf in Resources */ = {isa = PBXBuildFile; fileRef = C1B5C792BC2A447186A700EB /* Montserrat-SemiBoldItalic.ttf */; };
		E498BA17EBC84D95AB6C8C89 /* Montserrat-ExtraBoldItalic.ttf in Resources */ = {isa = PBXBuildFile; fileRef = 4AD1A31DAB8A4B5F846C00BB /* Montserrat-ExtraBoldItalic.ttf */; };
		E6C1A0F66A0544A99B02C2AF /* OpenSans_Condensed-ExtraBold.ttf in Resources */ = {isa = PBXBuildFile; fileRef = 42D05701CF024B2D86F9F186 /* OpenSans_Condensed-ExtraBold.ttf */; };
		E7FA3795EDED45C48BFBF133 /* Roboto-BlackItalic.ttf in Resources */ = {isa = PBXBuildFile; fileRef = B118D35140754E99A30D86A1 /* Roboto-BlackItalic.ttf */; };
		E8DEA84D9B33475E8616C216 /* Ubuntu-Italic.ttf in Resources */ = {isa = PBXBuildFile; fileRef = 93B11AE639C74578B432F317 /* Ubuntu-Italic.ttf */; };
		EC373553A3B6459CAB1113CA /* Montserrat-BlackItalic.ttf in Resources */ = {isa = PBXBuildFile; fileRef = 9558A32DB3044D1DB328923F /* Montserrat-BlackItalic.ttf */; };
		EEA297E0FDB2477A96296B65 /* Montserrat-Thin.ttf in Resources */ = {isa = PBXBuildFile; fileRef = 1B2F7E629E784296A26BA0AE /* Montserrat-Thin.ttf */; };
		F041DFF0E4AF4401A44B9A83 /* Lato-Light.ttf in Resources */ = {isa = PBXBuildFile; fileRef = 8EDA914AB53B409C98A233C8 /* Lato-Light.ttf */; };
		F1AD7A06471243238659B343 /* OpenSans-Regular.ttf in Resources */ = {isa = PBXBuildFile; fileRef = 4F994F21E52347A9AB759253 /* OpenSans-Regular.ttf */; };
		F8BED5052937457586A38F76 /* Roboto-MediumItalic.ttf in Resources */ = {isa = PBXBuildFile; fileRef = 480A092E8C484B2B87B368DF /* Roboto-MediumItalic.ttf */; };
/* End PBXBuildFile section */

/* Begin PBXContainerItemProxy section */
		00E356F41AD99517003FC87E /* PBXContainerItemProxy */ = {
			isa = PBXContainerItemProxy;
			containerPortal = 83CBB9F71A601CBA00E9B192 /* Project object */;
			proxyType = 1;
			remoteGlobalIDString = 13B07F861A680F5B00A75B9A;
			remoteInfo = weatherForecastRNApp;
		};
/* End PBXContainerItemProxy section */

/* Begin PBXFileReference section */
		00E356EE1AD99517003FC87E /* weatherForecastRNAppTests.xctest */ = {isa = PBXFileReference; explicitFileType = wrapper.cfbundle; includeInIndex = 0; path = weatherForecastRNAppTests.xctest; sourceTree = BUILT_PRODUCTS_DIR; };
		00E356F11AD99517003FC87E /* Info.plist */ = {isa = PBXFileReference; lastKnownFileType = text.plist.xml; path = Info.plist; sourceTree = "<group>"; };
		00E356F21AD99517003FC87E /* weatherForecastRNAppTests.m */ = {isa = PBXFileReference; lastKnownFileType = sourcecode.c.objc; path = weatherForecastRNAppTests.m; sourceTree = "<group>"; };
		035BCA80DBAF432ABDD4D075 /* OpenSans_SemiCondensed-ExtraBoldItalic.ttf */ = {isa = PBXFileReference; explicitFileType = undefined; fileEncoding = 9; includeInIndex = 0; lastKnownFileType = unknown; name = "OpenSans_SemiCondensed-ExtraBoldItalic.ttf"; path = "../assets/fonts/OpenSans_SemiCondensed-ExtraBoldItalic.ttf"; sourceTree = "<group>"; };
		04ECA70F86FF43E2B253E9B3 /* OpenSans-ExtraBoldItalic.ttf */ = {isa = PBXFileReference; explicitFileType = undefined; fileEncoding = 9; includeInIndex = 0; lastKnownFileType = unknown; name = "OpenSans-ExtraBoldItalic.ttf"; path = "../assets/fonts/OpenSans-ExtraBoldItalic.ttf"; sourceTree = "<group>"; };
		0C1D81B05D1446CB9A5AC0EB /* Roboto-ThinItalic.ttf */ = {isa = PBXFileReference; explicitFileType = undefined; fileEncoding = 9; includeInIndex = 0; lastKnownFileType = unknown; name = "Roboto-ThinItalic.ttf"; path = "../assets/fonts/Roboto-ThinItalic.ttf"; sourceTree = "<group>"; };
		0C9910263B0040C64069C895 /* libPods-weatherForecastRNApp-weatherForecastRNAppTests.a */ = {isa = PBXFileReference; explicitFileType = archive.ar; includeInIndex = 0; path = "libPods-weatherForecastRNApp-weatherForecastRNAppTests.a"; sourceTree = BUILT_PRODUCTS_DIR; };
		0EF25A9311C64D91BDD7428C /* Montserrat-LightItalic.ttf */ = {isa = PBXFileReference; explicitFileType = undefined; fileEncoding = 9; includeInIndex = 0; lastKnownFileType = unknown; name = "Montserrat-LightItalic.ttf"; path = "../assets/fonts/Montserrat-LightItalic.ttf"; sourceTree = "<group>"; };
		11FAAAC7716D4A04BB890681 /* Montserrat-ExtraBold.ttf */ = {isa = PBXFileReference; explicitFileType = undefined; fileEncoding = 9; includeInIndex = 0; lastKnownFileType = unknown; name = "Montserrat-ExtraBold.ttf"; path = "../assets/fonts/Montserrat-ExtraBold.ttf"; sourceTree = "<group>"; };
		12CF00130C8A491A9AA75D1B /* Ubuntu-MediumItalic.ttf */ = {isa = PBXFileReference; explicitFileType = undefined; fileEncoding = 9; includeInIndex = 0; lastKnownFileType = unknown; name = "Ubuntu-MediumItalic.ttf"; path = "../assets/fonts/Ubuntu-MediumItalic.ttf"; sourceTree = "<group>"; };
		13B07F961A680F5B00A75B9A /* weatherForecastRNApp.app */ = {isa = PBXFileReference; explicitFileType = wrapper.application; includeInIndex = 0; path = weatherForecastRNApp.app; sourceTree = BUILT_PRODUCTS_DIR; };
		13B07FAF1A68108700A75B9A /* AppDelegate.h */ = {isa = PBXFileReference; fileEncoding = 4; lastKnownFileType = sourcecode.c.h; name = AppDelegate.h; path = weatherForecastRNApp/AppDelegate.h; sourceTree = "<group>"; };
		13B07FB01A68108700A75B9A /* AppDelegate.mm */ = {isa = PBXFileReference; fileEncoding = 4; lastKnownFileType = sourcecode.cpp.objcpp; name = AppDelegate.mm; path = weatherForecastRNApp/AppDelegate.mm; sourceTree = "<group>"; };
		13B07FB51A68108700A75B9A /* Images.xcassets */ = {isa = PBXFileReference; lastKnownFileType = folder.assetcatalog; name = Images.xcassets; path = weatherForecastRNApp/Images.xcassets; sourceTree = "<group>"; };
		13B07FB61A68108700A75B9A /* Info.plist */ = {isa = PBXFileReference; fileEncoding = 4; lastKnownFileType = text.plist.xml; name = Info.plist; path = weatherForecastRNApp/Info.plist; sourceTree = "<group>"; };
		13B07FB71A68108700A75B9A /* main.m */ = {isa = PBXFileReference; fileEncoding = 4; lastKnownFileType = sourcecode.c.objc; name = main.m; path = weatherForecastRNApp/main.m; sourceTree = "<group>"; };
		14C096A56B834346AFAE66E9 /* Montserrat-ThinItalic.ttf */ = {isa = PBXFileReference; explicitFileType = undefined; fileEncoding = 9; includeInIndex = 0; lastKnownFileType = unknown; name = "Montserrat-ThinItalic.ttf"; path = "../assets/fonts/Montserrat-ThinItalic.ttf"; sourceTree = "<group>"; };
		15FBC723EFD742A7904D010A /* Montserrat-Black.ttf */ = {isa = PBXFileReference; explicitFileType = undefined; fileEncoding = 9; includeInIndex = 0; lastKnownFileType = unknown; name = "Montserrat-Black.ttf"; path = "../assets/fonts/Montserrat-Black.ttf"; sourceTree = "<group>"; };
		16A7CDE6646D4E9FBD60C6B4 /* OpenSans_Condensed-Light.ttf */ = {isa = PBXFileReference; explicitFileType = undefined; fileEncoding = 9; includeInIndex = 0; lastKnownFileType = unknown; name = "OpenSans_Condensed-Light.ttf"; path = "../assets/fonts/OpenSans_Condensed-Light.ttf"; sourceTree = "<group>"; };
		180391C099C54D5C81BE7762 /* Ubuntu-Bold.ttf */ = {isa = PBXFileReference; explicitFileType = undefined; fileEncoding = 9; includeInIndex = 0; lastKnownFileType = unknown; name = "Ubuntu-Bold.ttf"; path = "../assets/fonts/Ubuntu-Bold.ttf"; sourceTree = "<group>"; };
		1B2F7E629E784296A26BA0AE /* Montserrat-Thin.ttf */ = {isa = PBXFileReference; explicitFileType = undefined; fileEncoding = 9; includeInIndex = 0; lastKnownFileType = unknown; name = "Montserrat-Thin.ttf"; path = "../assets/fonts/Montserrat-Thin.ttf"; sourceTree = "<group>"; };
		1DAFE400559640BD8F2F8E7E /* Lato-Italic.ttf */ = {isa = PBXFileReference; explicitFileType = undefined; fileEncoding = 9; includeInIndex = 0; lastKnownFileType = unknown; name = "Lato-Italic.ttf"; path = "../assets/fonts/Lato-Italic.ttf"; sourceTree = "<group>"; };
		2A9AF1C95E1A433EB2065C03 /* SFUIDisplay-Light.otf */ = {isa = PBXFileReference; explicitFileType = undefined; fileEncoding = 9; includeInIndex = 0; lastKnownFileType = unknown; name = "SFUIDisplay-Light.otf"; path = "../assets/fonts/SFUIDisplay-Light.otf"; sourceTree = "<group>"; };
		2DB1438DD41C42179442637A /* OpenSans-Medium.ttf */ = {isa = PBXFileReference; explicitFileType = undefined; fileEncoding = 9; includeInIndex = 0; lastKnownFileType = unknown; name = "OpenSans-Medium.ttf"; path = "../assets/fonts/OpenSans-Medium.ttf"; sourceTree = "<group>"; };
		2DEBEC9E9EFF42D3949C4395 /* OpenSans_SemiCondensed-SemiBold.ttf */ = {isa = PBXFileReference; explicitFileType = undefined; fileEncoding = 9; includeInIndex = 0; lastKnownFileType = unknown; name = "OpenSans_SemiCondensed-SemiBold.ttf"; path = "../assets/fonts/OpenSans_SemiCondensed-SemiBold.ttf"; sourceTree = "<group>"; };
		2FCEBF597FA84017923CD572 /* Montserrat-ExtraLight.ttf */ = {isa = PBXFileReference; explicitFileType = undefined; fileEncoding = 9; includeInIndex = 0; lastKnownFileType = unknown; name = "Montserrat-ExtraLight.ttf"; path = "../assets/fonts/Montserrat-ExtraLight.ttf"; sourceTree = "<group>"; };
		3634FB0FF7DE43BD8F0DD9F5 /* OpenSans_Condensed-ExtraBoldItalic.ttf */ = {isa = PBXFileReference; explicitFileType = undefined; fileEncoding = 9; includeInIndex = 0; lastKnownFileType = unknown; name = "OpenSans_Condensed-ExtraBoldItalic.ttf"; path = "../assets/fonts/OpenSans_Condensed-ExtraBoldItalic.ttf"; sourceTree = "<group>"; };
		3A18A1422E2341A5B990B40D /* OpenSans_SemiCondensed-MediumItalic.ttf */ = {isa = PBXFileReference; explicitFileType = undefined; fileEncoding = 9; includeInIndex = 0; lastKnownFileType = unknown; name = "OpenSans_SemiCondensed-MediumItalic.ttf"; path = "../assets/fonts/OpenSans_SemiCondensed-MediumItalic.ttf"; sourceTree = "<group>"; };
		3AF4E85F028B49619F8ECDBA /* SFUIDisplay-Thin.otf */ = {isa = PBXFileReference; explicitFileType = undefined; fileEncoding = 9; includeInIndex = 0; lastKnownFileType = unknown; name = "SFUIDisplay-Thin.otf"; path = "../assets/fonts/SFUIDisplay-Thin.otf"; sourceTree = "<group>"; };
		3B0260E490F74B2D85012837 /* OpenSans_SemiCondensed-BoldItalic.ttf */ = {isa = PBXFileReference; explicitFileType = undefined; fileEncoding = 9; includeInIndex = 0; lastKnownFileType = unknown; name = "OpenSans_SemiCondensed-BoldItalic.ttf"; path = "../assets/fonts/OpenSans_SemiCondensed-BoldItalic.ttf"; sourceTree = "<group>"; };
		3D7FC83CEBF641B180C8FD1D /* OpenSans_Condensed-LightItalic.ttf */ = {isa = PBXFileReference; explicitFileType = undefined; fileEncoding = 9; includeInIndex = 0; lastKnownFileType = unknown; name = "OpenSans_Condensed-LightItalic.ttf"; path = "../assets/fonts/OpenSans_Condensed-LightItalic.ttf"; sourceTree = "<group>"; };
		40606583C05D4290BB6B99AE /* Lato-BlackItalic.ttf */ = {isa = PBXFileReference; explicitFileType = undefined; fileEncoding = 9; includeInIndex = 0; lastKnownFileType = unknown; name = "Lato-BlackItalic.ttf"; path = "../assets/fonts/Lato-BlackItalic.ttf"; sourceTree = "<group>"; };
		4175E0A0F806426982D2BE2C /* Roboto-Medium.ttf */ = {isa = PBXFileReference; explicitFileType = undefined; fileEncoding = 9; includeInIndex = 0; lastKnownFileType = unknown; name = "Roboto-Medium.ttf"; path = "../assets/fonts/Roboto-Medium.ttf"; sourceTree = "<group>"; };
		423FD4D7DCE442C983C2190D /* OpenSans_SemiCondensed-SemiBoldItalic.ttf */ = {isa = PBXFileReference; explicitFileType = undefined; fileEncoding = 9; includeInIndex = 0; lastKnownFileType = unknown; name = "OpenSans_SemiCondensed-SemiBoldItalic.ttf"; path = "../assets/fonts/OpenSans_SemiCondensed-SemiBoldItalic.ttf"; sourceTree = "<group>"; };
		42D05701CF024B2D86F9F186 /* OpenSans_Condensed-ExtraBold.ttf */ = {isa = PBXFileReference; explicitFileType = undefined; fileEncoding = 9; includeInIndex = 0; lastKnownFileType = unknown; name = "OpenSans_Condensed-ExtraBold.ttf"; path = "../assets/fonts/OpenSans_Condensed-ExtraBold.ttf"; sourceTree = "<group>"; };
		42D3196E2DDC42DDB6FB023F /* Montserrat-Bold.ttf */ = {isa = PBXFileReference; explicitFileType = undefined; fileEncoding = 9; includeInIndex = 0; lastKnownFileType = unknown; name = "Montserrat-Bold.ttf"; path = "../assets/fonts/Montserrat-Bold.ttf"; sourceTree = "<group>"; };
		455B29BD24DD42CBA0DFAAB4 /* OpenSans_SemiCondensed-Light.ttf */ = {isa = PBXFileReference; explicitFileType = undefined; fileEncoding = 9; includeInIndex = 0; lastKnownFileType = unknown; name = "OpenSans_SemiCondensed-Light.ttf"; path = "../assets/fonts/OpenSans_SemiCondensed-Light.ttf"; sourceTree = "<group>"; };
		474021BB1E39492786931E19 /* Ubuntu-Medium.ttf */ = {isa = PBXFileReference; explicitFileType = undefined; fileEncoding = 9; includeInIndex = 0; lastKnownFileType = unknown; name = "Ubuntu-Medium.ttf"; path = "../assets/fonts/Ubuntu-Medium.ttf"; sourceTree = "<group>"; };
		480A092E8C484B2B87B368DF /* Roboto-MediumItalic.ttf */ = {isa = PBXFileReference; explicitFileType = undefined; fileEncoding = 9; includeInIndex = 0; lastKnownFileType = unknown; name = "Roboto-MediumItalic.ttf"; path = "../assets/fonts/Roboto-MediumItalic.ttf"; sourceTree = "<group>"; };
		4AD1A31DAB8A4B5F846C00BB /* Montserrat-ExtraBoldItalic.ttf */ = {isa = PBXFileReference; explicitFileType = undefined; fileEncoding = 9; includeInIndex = 0; lastKnownFileType = unknown; name = "Montserrat-ExtraBoldItalic.ttf"; path = "../assets/fonts/Montserrat-ExtraBoldItalic.ttf"; sourceTree = "<group>"; };
		4C60B1E07BAE4243AD926D37 /* Ubuntu-Light.ttf */ = {isa = PBXFileReference; explicitFileType = undefined; fileEncoding = 9; includeInIndex = 0; lastKnownFileType = unknown; name = "Ubuntu-Light.ttf"; path = "../assets/fonts/Ubuntu-Light.ttf"; sourceTree = "<group>"; };
		4C95F8825BF357C36217FF3F /* Pods-weatherForecastRNApp-weatherForecastRNAppTests.release.xcconfig */ = {isa = PBXFileReference; includeInIndex = 1; lastKnownFileType = text.xcconfig; name = "Pods-weatherForecastRNApp-weatherForecastRNAppTests.release.xcconfig"; path = "Target Support Files/Pods-weatherForecastRNApp-weatherForecastRNAppTests/Pods-weatherForecastRNApp-weatherForecastRNAppTests.release.xcconfig"; sourceTree = "<group>"; };
		4F994F21E52347A9AB759253 /* OpenSans-Regular.ttf */ = {isa = PBXFileReference; explicitFileType = undefined; fileEncoding = 9; includeInIndex = 0; lastKnownFileType = unknown; name = "OpenSans-Regular.ttf"; path = "../assets/fonts/OpenSans-Regular.ttf"; sourceTree = "<group>"; };
		535A32E200CD433BB3A0A244 /* Montserrat-Medium.ttf */ = {isa = PBXFileReference; explicitFileType = undefined; fileEncoding = 9; includeInIndex = 0; lastKnownFileType = unknown; name = "Montserrat-Medium.ttf"; path = "../assets/fonts/Montserrat-Medium.ttf"; sourceTree = "<group>"; };
		560A4A7CC92D4AE0975D2E5D /* Roboto-Regular.ttf */ = {isa = PBXFileReference; explicitFileType = undefined; fileEncoding = 9; includeInIndex = 0; lastKnownFileType = unknown; name = "Roboto-Regular.ttf"; path = "../assets/fonts/Roboto-Regular.ttf"; sourceTree = "<group>"; };
		5D2AE0F7D12043A4916AC40F /* Lato-Thin.ttf */ = {isa = PBXFileReference; explicitFileType = undefined; fileEncoding = 9; includeInIndex = 0; lastKnownFileType = unknown; name = "Lato-Thin.ttf"; path = "../assets/fonts/Lato-Thin.ttf"; sourceTree = "<group>"; };
		5D5DA65F0F9D487E850E6B1A /* OpenSans_SemiCondensed-ExtraBold.ttf */ = {isa = PBXFileReference; explicitFileType = undefined; fileEncoding = 9; includeInIndex = 0; lastKnownFileType = unknown; name = "OpenSans_SemiCondensed-ExtraBold.ttf"; path = "../assets/fonts/OpenSans_SemiCondensed-ExtraBold.ttf"; sourceTree = "<group>"; };
		6466DF8A3B934BE4AAE07DB5 /* Montserrat-MediumItalic.ttf */ = {isa = PBXFileReference; explicitFileType = undefined; fileEncoding = 9; includeInIndex = 0; lastKnownFileType = unknown; name = "Montserrat-MediumItalic.ttf"; path = "../assets/fonts/Montserrat-MediumItalic.ttf"; sourceTree = "<group>"; };
		6F0B47989DEC4E9BA33FDAD6 /* Lato-LightItalic.ttf */ = {isa = PBXFileReference; explicitFileType = undefined; fileEncoding = 9; includeInIndex = 0; lastKnownFileType = unknown; name = "Lato-LightItalic.ttf"; path = "../assets/fonts/Lato-LightItalic.ttf"; sourceTree = "<group>"; };
		7573C0E9F62548C19BEB5EA4 /* Montserrat-BoldItalic.ttf */ = {isa = PBXFileReference; explicitFileType = undefined; fileEncoding = 9; includeInIndex = 0; lastKnownFileType = unknown; name = "Montserrat-BoldItalic.ttf"; path = "../assets/fonts/Montserrat-BoldItalic.ttf"; sourceTree = "<group>"; };
		80FB31660A8E45AD978B865B /* OpenSans-BoldItalic.ttf */ = {isa = PBXFileReference; explicitFileType = undefined; fileEncoding = 9; includeInIndex = 0; lastKnownFileType = unknown; name = "OpenSans-BoldItalic.ttf"; path = "../assets/fonts/OpenSans-BoldItalic.ttf"; sourceTree = "<group>"; };
		81AB9BB72411601600AC10FF /* LaunchScreen.storyboard */ = {isa = PBXFileReference; fileEncoding = 4; lastKnownFileType = file.storyboard; name = LaunchScreen.storyboard; path = weatherForecastRNApp/LaunchScreen.storyboard; sourceTree = "<group>"; };
		83CB6AEB0D3445DEA6E637D8 /* Ubuntu-BoldItalic.ttf */ = {isa = PBXFileReference; explicitFileType = undefined; fileEncoding = 9; includeInIndex = 0; lastKnownFileType = unknown; name = "Ubuntu-BoldItalic.ttf"; path = "../assets/fonts/Ubuntu-BoldItalic.ttf"; sourceTree = "<group>"; };
		83EEFD59730F416A8DEE1753 /* SFUIDisplay-Medium.otf */ = {isa = PBXFileReference; explicitFileType = undefined; fileEncoding = 9; includeInIndex = 0; lastKnownFileType = unknown; name = "SFUIDisplay-Medium.otf"; path = "../assets/fonts/SFUIDisplay-Medium.otf"; sourceTree = "<group>"; };
		84C80CD41FA44EA7A70CD640 /* Roboto-Light.ttf */ = {isa = PBXFileReference; explicitFileType = undefined; fileEncoding = 9; includeInIndex = 0; lastKnownFileType = unknown; name = "Roboto-Light.ttf"; path = "../assets/fonts/Roboto-Light.ttf"; sourceTree = "<group>"; };
		852EADA5E4644B509C921981 /* SFUIDisplay-Bold.otf */ = {isa = PBXFileReference; explicitFileType = undefined; fileEncoding = 9; includeInIndex = 0; lastKnownFileType = unknown; name = "SFUIDisplay-Bold.otf"; path = "../assets/fonts/SFUIDisplay-Bold.otf"; sourceTree = "<group>"; };
		8666FF890FC348108DB3DC96 /* Roboto-BoldItalic.ttf */ = {isa = PBXFileReference; explicitFileType = undefined; fileEncoding = 9; includeInIndex = 0; lastKnownFileType = unknown; name = "Roboto-BoldItalic.ttf"; path = "../assets/fonts/Roboto-BoldItalic.ttf"; sourceTree = "<group>"; };
		8B2EAF7BB7F846539987EC4C /* Lato-Bold.ttf */ = {isa = PBXFileReference; explicitFileType = undefined; fileEncoding = 9; includeInIndex = 0; lastKnownFileType = unknown; name = "Lato-Bold.ttf"; path = "../assets/fonts/Lato-Bold.ttf"; sourceTree = "<group>"; };
		8EDA914AB53B409C98A233C8 /* Lato-Light.ttf */ = {isa = PBXFileReference; explicitFileType = undefined; fileEncoding = 9; includeInIndex = 0; lastKnownFileType = unknown; name = "Lato-Light.ttf"; path = "../assets/fonts/Lato-Light.ttf"; sourceTree = "<group>"; };
		92112B6090344418BED6DBE9 /* Montserrat-ExtraLightItalic.ttf */ = {isa = PBXFileReference; explicitFileType = undefined; fileEncoding = 9; includeInIndex = 0; lastKnownFileType = unknown; name = "Montserrat-ExtraLightItalic.ttf"; path = "../assets/fonts/Montserrat-ExtraLightItalic.ttf"; sourceTree = "<group>"; };
		92ADB5F59BE84B9EB0F2109F /* OpenSans-ExtraBold.ttf */ = {isa = PBXFileReference; explicitFileType = undefined; fileEncoding = 9; includeInIndex = 0; lastKnownFileType = unknown; name = "OpenSans-ExtraBold.ttf"; path = "../assets/fonts/OpenSans-ExtraBold.ttf"; sourceTree = "<group>"; };
		92D949A35F1C4E889BC31C50 /* OpenSans_SemiCondensed-Regular.ttf */ = {isa = PBXFileReference; explicitFileType = undefined; fileEncoding = 9; includeInIndex = 0; lastKnownFileType = unknown; name = "OpenSans_SemiCondensed-Regular.ttf"; path = "../assets/fonts/OpenSans_SemiCondensed-Regular.ttf"; sourceTree = "<group>"; };
		93B11AE639C74578B432F317 /* Ubuntu-Italic.ttf */ = {isa = PBXFileReference; explicitFileType = undefined; fileEncoding = 9; includeInIndex = 0; lastKnownFileType = unknown; name = "Ubuntu-Italic.ttf"; path = "../assets/fonts/Ubuntu-Italic.ttf"; sourceTree = "<group>"; };
		94F00ADD222143BEA9162DF2 /* OpenSans-SemiBold.ttf */ = {isa = PBXFileReference; explicitFileType = undefined; fileEncoding = 9; includeInIndex = 0; lastKnownFileType = unknown; name = "OpenSans-SemiBold.ttf"; path = "../assets/fonts/OpenSans-SemiBold.ttf"; sourceTree = "<group>"; };
		9558A32DB3044D1DB328923F /* Montserrat-BlackItalic.ttf */ = {isa = PBXFileReference; explicitFileType = undefined; fileEncoding = 9; includeInIndex = 0; lastKnownFileType = unknown; name = "Montserrat-BlackItalic.ttf"; path = "../assets/fonts/Montserrat-BlackItalic.ttf"; sourceTree = "<group>"; };
		95E86F131D234C9A8D3DB6FF /* OpenSans-MediumItalic.ttf */ = {isa = PBXFileReference; explicitFileType = undefined; fileEncoding = 9; includeInIndex = 0; lastKnownFileType = unknown; name = "OpenSans-MediumItalic.ttf"; path = "../assets/fonts/OpenSans-MediumItalic.ttf"; sourceTree = "<group>"; };
		9B1F770571C047D0B85615FA /* Ubuntu-Regular.ttf */ = {isa = PBXFileReference; explicitFileType = undefined; fileEncoding = 9; includeInIndex = 0; lastKnownFileType = unknown; name = "Ubuntu-Regular.ttf"; path = "../assets/fonts/Ubuntu-Regular.ttf"; sourceTree = "<group>"; };
		9F191792E0C246E880851EC5 /* SFUIDisplay-Heavy.otf */ = {isa = PBXFileReference; explicitFileType = undefined; fileEncoding = 9; includeInIndex = 0; lastKnownFileType = unknown; name = "SFUIDisplay-Heavy.otf"; path = "../assets/fonts/SFUIDisplay-Heavy.otf"; sourceTree = "<group>"; };
		A3C1EEF7931F4518ABDA486C /* OpenSans_Condensed-Regular.ttf */ = {isa = PBXFileReference; explicitFileType = undefined; fileEncoding = 9; includeInIndex = 0; lastKnownFileType = unknown; name = "OpenSans_Condensed-Regular.ttf"; path = "../assets/fonts/OpenSans_Condensed-Regular.ttf"; sourceTree = "<group>"; };
		A4641E6070E5479A9C8B1534 /* OpenSans_Condensed-SemiBold.ttf */ = {isa = PBXFileReference; explicitFileType = undefined; fileEncoding = 9; includeInIndex = 0; lastKnownFileType = unknown; name = "OpenSans_Condensed-SemiBold.ttf"; path = "../assets/fonts/OpenSans_Condensed-SemiBold.ttf"; sourceTree = "<group>"; };
		A59DB8B6CD5948138FE89265 /* OpenSans_SemiCondensed-Italic.ttf */ = {isa = PBXFileReference; explicitFileType = undefined; fileEncoding = 9; includeInIndex = 0; lastKnownFileType = unknown; name = "OpenSans_SemiCondensed-Italic.ttf"; path = "../assets/fonts/OpenSans_SemiCondensed-Italic.ttf"; sourceTree = "<group>"; };
		A5CF3D9E46AD4C738C4F4DA0 /* Roboto-Thin.ttf */ = {isa = PBXFileReference; explicitFileType = undefined; fileEncoding = 9; includeInIndex = 0; lastKnownFileType = unknown; name = "Roboto-Thin.ttf"; path = "../assets/fonts/Roboto-Thin.ttf"; sourceTree = "<group>"; };
		A7C893EFC3DE4CC2854063E9 /* Roboto-Black.ttf */ = {isa = PBXFileReference; explicitFileType = undefined; fileEncoding = 9; includeInIndex = 0; lastKnownFileType = unknown; name = "Roboto-Black.ttf"; path = "../assets/fonts/Roboto-Black.ttf"; sourceTree = "<group>"; };
		ABF2DE3662FB45918A704AF4 /* Lato-ThinItalic.ttf */ = {isa = PBXFileReference; explicitFileType = undefined; fileEncoding = 9; includeInIndex = 0; lastKnownFileType = unknown; name = "Lato-ThinItalic.ttf"; path = "../assets/fonts/Lato-ThinItalic.ttf"; sourceTree = "<group>"; };
		AD620915B53444BAA23D3A85 /* OpenSans-LightItalic.ttf */ = {isa = PBXFileReference; explicitFileType = undefined; fileEncoding = 9; includeInIndex = 0; lastKnownFileType = unknown; name = "OpenSans-LightItalic.ttf"; path = "../assets/fonts/OpenSans-LightItalic.ttf"; sourceTree = "<group>"; };
		AFB75C5606424ABE84B78532 /* OpenSans_Condensed-Bold.ttf */ = {isa = PBXFileReference; explicitFileType = undefined; fileEncoding = 9; includeInIndex = 0; lastKnownFileType = unknown; name = "OpenSans_Condensed-Bold.ttf"; path = "../assets/fonts/OpenSans_Condensed-Bold.ttf"; sourceTree = "<group>"; };
		B118D35140754E99A30D86A1 /* Roboto-BlackItalic.ttf */ = {isa = PBXFileReference; explicitFileType = undefined; fileEncoding = 9; includeInIndex = 0; lastKnownFileType = unknown; name = "Roboto-BlackItalic.ttf"; path = "../assets/fonts/Roboto-BlackItalic.ttf"; sourceTree = "<group>"; };
		B56B86904C7846FBA323C45A /* OpenSans_SemiCondensed-Medium.ttf */ = {isa = PBXFileReference; explicitFileType = undefined; fileEncoding = 9; includeInIndex = 0; lastKnownFileType = unknown; name = "OpenSans_SemiCondensed-Medium.ttf"; path = "../assets/fonts/OpenSans_SemiCondensed-Medium.ttf"; sourceTree = "<group>"; };
		B7C2714138D040E28E1AC994 /* Lato-Black.ttf */ = {isa = PBXFileReference; explicitFileType = undefined; fileEncoding = 9; includeInIndex = 0; lastKnownFileType = unknown; name = "Lato-Black.ttf"; path = "../assets/fonts/Lato-Black.ttf"; sourceTree = "<group>"; };
		BA29DC39BA6CE666242812CE /* Pods-weatherForecastRNApp-weatherForecastRNAppTests.debug.xcconfig */ = {isa = PBXFileReference; includeInIndex = 1; lastKnownFileType = text.xcconfig; name = "Pods-weatherForecastRNApp-weatherForecastRNAppTests.debug.xcconfig"; path = "Target Support Files/Pods-weatherForecastRNApp-weatherForecastRNAppTests/Pods-weatherForecastRNApp-weatherForecastRNAppTests.debug.xcconfig"; sourceTree = "<group>"; };
		BB5B3D1B6FB445BABE5484B4 /* SFUIDisplay-Semibold.otf */ = {isa = PBXFileReference; explicitFileType = undefined; fileEncoding = 9; includeInIndex = 0; lastKnownFileType = unknown; name = "SFUIDisplay-Semibold.otf"; path = "../assets/fonts/SFUIDisplay-Semibold.otf"; sourceTree = "<group>"; };
		BF71038B3FA347A290583BBF /* Roboto-Italic.ttf */ = {isa = PBXFileReference; explicitFileType = undefined; fileEncoding = 9; includeInIndex = 0; lastKnownFileType = unknown; name = "Roboto-Italic.ttf"; path = "../assets/fonts/Roboto-Italic.ttf"; sourceTree = "<group>"; };
		BF9AC8D691CD4371A7C97606 /* OpenSans-Bold.ttf */ = {isa = PBXFileReference; explicitFileType = undefined; fileEncoding = 9; includeInIndex = 0; lastKnownFileType = unknown; name = "OpenSans-Bold.ttf"; path = "../assets/fonts/OpenSans-Bold.ttf"; sourceTree = "<group>"; };
		C1B5C792BC2A447186A700EB /* Montserrat-SemiBoldItalic.ttf */ = {isa = PBXFileReference; explicitFileType = undefined; fileEncoding = 9; includeInIndex = 0; lastKnownFileType = unknown; name = "Montserrat-SemiBoldItalic.ttf"; path = "../assets/fonts/Montserrat-SemiBoldItalic.ttf"; sourceTree = "<group>"; };
		C75AB6AEAAA4402FB1D3C24A /* OpenSans_Condensed-MediumItalic.ttf */ = {isa = PBXFileReference; explicitFileType = undefined; fileEncoding = 9; includeInIndex = 0; lastKnownFileType = unknown; name = "OpenSans_Condensed-MediumItalic.ttf"; path = "../assets/fonts/OpenSans_Condensed-MediumItalic.ttf"; sourceTree = "<group>"; };
		D136798EFFD448ADAD25BB69 /* Montserrat-Italic.ttf */ = {isa = PBXFileReference; explicitFileType = undefined; fileEncoding = 9; includeInIndex = 0; lastKnownFileType = unknown; name = "Montserrat-Italic.ttf"; path = "../assets/fonts/Montserrat-Italic.ttf"; sourceTree = "<group>"; };
		D220066A6989C030C8A03235 /* Pods-weatherForecastRNApp.debug.xcconfig */ = {isa = PBXFileReference; includeInIndex = 1; lastKnownFileType = text.xcconfig; name = "Pods-weatherForecastRNApp.debug.xcconfig"; path = "Target Support Files/Pods-weatherForecastRNApp/Pods-weatherForecastRNApp.debug.xcconfig"; sourceTree = "<group>"; };
		D320353608FA4706830A74C6 /* OpenSans_Condensed-Italic.ttf */ = {isa = PBXFileReference; explicitFileType = undefined; fileEncoding = 9; includeInIndex = 0; lastKnownFileType = unknown; name = "OpenSans_Condensed-Italic.ttf"; path = "../assets/fonts/OpenSans_Condensed-Italic.ttf"; sourceTree = "<group>"; };
		D743C24325384DBE869539BD /* Roboto-Bold.ttf */ = {isa = PBXFileReference; explicitFileType = undefined; fileEncoding = 9; includeInIndex = 0; lastKnownFileType = unknown; name = "Roboto-Bold.ttf"; path = "../assets/fonts/Roboto-Bold.ttf"; sourceTree = "<group>"; };
		D890F37A05BA2357A6E598AE /* libPods-weatherForecastRNApp.a */ = {isa = PBXFileReference; explicitFileType = archive.ar; includeInIndex = 0; path = "libPods-weatherForecastRNApp.a"; sourceTree = BUILT_PRODUCTS_DIR; };
		DA0540CAF5B1452D8115074A /* OpenSans_SemiCondensed-LightItalic.ttf */ = {isa = PBXFileReference; explicitFileType = undefined; fileEncoding = 9; includeInIndex = 0; lastKnownFileType = unknown; name = "OpenSans_SemiCondensed-LightItalic.ttf"; path = "../assets/fonts/OpenSans_SemiCondensed-LightItalic.ttf"; sourceTree = "<group>"; };
		DF6DE0350FD346F6AD31DC2C /* Montserrat-SemiBold.ttf */ = {isa = PBXFileReference; explicitFileType = undefined; fileEncoding = 9; includeInIndex = 0; lastKnownFileType = unknown; name = "Montserrat-SemiBold.ttf"; path = "../assets/fonts/Montserrat-SemiBold.ttf"; sourceTree = "<group>"; };
		DFC722F741634659A5482977 /* OpenSans_Condensed-Medium.ttf */ = {isa = PBXFileReference; explicitFileType = undefined; fileEncoding = 9; includeInIndex = 0; lastKnownFileType = unknown; name = "OpenSans_Condensed-Medium.ttf"; path = "../assets/fonts/OpenSans_Condensed-Medium.ttf"; sourceTree = "<group>"; };
		DFC8A57DA1504EBE98E2881D /* SFUIDisplay-Black.otf */ = {isa = PBXFileReference; explicitFileType = undefined; fileEncoding = 9; includeInIndex = 0; lastKnownFileType = unknown; name = "SFUIDisplay-Black.otf"; path = "../assets/fonts/SFUIDisplay-Black.otf"; sourceTree = "<group>"; };
		E1B054968E2149CBBFFC2055 /* OpenSans-Light.ttf */ = {isa = PBXFileReference; explicitFileType = undefined; fileEncoding = 9; includeInIndex = 0; lastKnownFileType = unknown; name = "OpenSans-Light.ttf"; path = "../assets/fonts/OpenSans-Light.ttf"; sourceTree = "<group>"; };
		E2F307C66F954E2E92C32B1E /* SFUIDisplay-Ultralight.otf */ = {isa = PBXFileReference; explicitFileType = undefined; fileEncoding = 9; includeInIndex = 0; lastKnownFileType = unknown; name = "SFUIDisplay-Ultralight.otf"; path = "../assets/fonts/SFUIDisplay-Ultralight.otf"; sourceTree = "<group>"; };
		E3AE3E261F2042558187E100 /* OpenSans-SemiBoldItalic.ttf */ = {isa = PBXFileReference; explicitFileType = undefined; fileEncoding = 9; includeInIndex = 0; lastKnownFileType = unknown; name = "OpenSans-SemiBoldItalic.ttf"; path = "../assets/fonts/OpenSans-SemiBoldItalic.ttf"; sourceTree = "<group>"; };
		E94A7C232D3B476693C1A996 /* OpenSans_Condensed-BoldItalic.ttf */ = {isa = PBXFileReference; explicitFileType = undefined; fileEncoding = 9; includeInIndex = 0; lastKnownFileType = unknown; name = "OpenSans_Condensed-BoldItalic.ttf"; path = "../assets/fonts/OpenSans_Condensed-BoldItalic.ttf"; sourceTree = "<group>"; };
		EA0F96AFD12F492BA6F911EB /* OpenSans_SemiCondensed-Bold.ttf */ = {isa = PBXFileReference; explicitFileType = undefined; fileEncoding = 9; includeInIndex = 0; lastKnownFileType = unknown; name = "OpenSans_SemiCondensed-Bold.ttf"; path = "../assets/fonts/OpenSans_SemiCondensed-Bold.ttf"; sourceTree = "<group>"; };
		EAA2767455BE45EE9C0D47E8 /* OpenSans_Condensed-SemiBoldItalic.ttf */ = {isa = PBXFileReference; explicitFileType = undefined; fileEncoding = 9; includeInIndex = 0; lastKnownFileType = unknown; name = "OpenSans_Condensed-SemiBoldItalic.ttf"; path = "../assets/fonts/OpenSans_Condensed-SemiBoldItalic.ttf"; sourceTree = "<group>"; };
		ED297162215061F000B7C4FE /* JavaScriptCore.framework */ = {isa = PBXFileReference; lastKnownFileType = wrapper.framework; name = JavaScriptCore.framework; path = System/Library/Frameworks/JavaScriptCore.framework; sourceTree = SDKROOT; };
		EF82076258E94A2CBC1FF8AC /* OpenSans-Italic.ttf */ = {isa = PBXFileReference; explicitFileType = undefined; fileEncoding = 9; includeInIndex = 0; lastKnownFileType = unknown; name = "OpenSans-Italic.ttf"; path = "../assets/fonts/OpenSans-Italic.ttf"; sourceTree = "<group>"; };
		EFB0B126DCF44A37A468FFF3 /* Ubuntu-LightItalic.ttf */ = {isa = PBXFileReference; explicitFileType = undefined; fileEncoding = 9; includeInIndex = 0; lastKnownFileType = unknown; name = "Ubuntu-LightItalic.ttf"; path = "../assets/fonts/Ubuntu-LightItalic.ttf"; sourceTree = "<group>"; };
		F03CA8D1A6A049FB949D0B75 /* Montserrat-Light.ttf */ = {isa = PBXFileReference; explicitFileType = undefined; fileEncoding = 9; includeInIndex = 0; lastKnownFileType = unknown; name = "Montserrat-Light.ttf"; path = "../assets/fonts/Montserrat-Light.ttf"; sourceTree = "<group>"; };
		F38A028E947C4BE6917475FA /* Lato-BoldItalic.ttf */ = {isa = PBXFileReference; explicitFileType = undefined; fileEncoding = 9; includeInIndex = 0; lastKnownFileType = unknown; name = "Lato-BoldItalic.ttf"; path = "../assets/fonts/Lato-BoldItalic.ttf"; sourceTree = "<group>"; };
		F47CC301463541C4BD05A9DB /* Lato-Regular.ttf */ = {isa = PBXFileReference; explicitFileType = undefined; fileEncoding = 9; includeInIndex = 0; lastKnownFileType = unknown; name = "Lato-Regular.ttf"; path = "../assets/fonts/Lato-Regular.ttf"; sourceTree = "<group>"; };
		F5771E07098F4324AFC4B64A /* Roboto-LightItalic.ttf */ = {isa = PBXFileReference; explicitFileType = undefined; fileEncoding = 9; includeInIndex = 0; lastKnownFileType = unknown; name = "Roboto-LightItalic.ttf"; path = "../assets/fonts/Roboto-LightItalic.ttf"; sourceTree = "<group>"; };
		F6A6A050E42746339CE1E912 /* Montserrat-Regular.ttf */ = {isa = PBXFileReference; explicitFileType = undefined; fileEncoding = 9; includeInIndex = 0; lastKnownFileType = unknown; name = "Montserrat-Regular.ttf"; path = "../assets/fonts/Montserrat-Regular.ttf"; sourceTree = "<group>"; };
		F7BB2CCFB46B1BED8A8D3FFE /* Pods-weatherForecastRNApp.release.xcconfig */ = {isa = PBXFileReference; includeInIndex = 1; lastKnownFileType = text.xcconfig; name = "Pods-weatherForecastRNApp.release.xcconfig"; path = "Target Support Files/Pods-weatherForecastRNApp/Pods-weatherForecastRNApp.release.xcconfig"; sourceTree = "<group>"; };
/* End PBXFileReference section */

/* Begin PBXFrameworksBuildPhase section */
		00E356EB1AD99517003FC87E /* Frameworks */ = {
			isa = PBXFrameworksBuildPhase;
			buildActionMask = 2147483647;
			files = (
				C032C38EC4F842BF60A1D084 /* libPods-weatherForecastRNApp-weatherForecastRNAppTests.a in Frameworks */,
			);
			runOnlyForDeploymentPostprocessing = 0;
		};
		13B07F8C1A680F5B00A75B9A /* Frameworks */ = {
			isa = PBXFrameworksBuildPhase;
			buildActionMask = 2147483647;
			files = (
				BC8612C38B2D98F8A89A7C18 /* libPods-weatherForecastRNApp.a in Frameworks */,
			);
			runOnlyForDeploymentPostprocessing = 0;
		};
/* End PBXFrameworksBuildPhase section */

/* Begin PBXGroup section */
		00E356EF1AD99517003FC87E /* weatherForecastRNAppTests */ = {
			isa = PBXGroup;
			children = (
				00E356F21AD99517003FC87E /* weatherForecastRNAppTests.m */,
				00E356F01AD99517003FC87E /* Supporting Files */,
			);
			path = weatherForecastRNAppTests;
			sourceTree = "<group>";
		};
		00E356F01AD99517003FC87E /* Supporting Files */ = {
			isa = PBXGroup;
			children = (
				00E356F11AD99517003FC87E /* Info.plist */,
			);
			name = "Supporting Files";
			sourceTree = "<group>";
		};
		13B07FAE1A68108700A75B9A /* weatherForecastRNApp */ = {
			isa = PBXGroup;
			children = (
				13B07FAF1A68108700A75B9A /* AppDelegate.h */,
				13B07FB01A68108700A75B9A /* AppDelegate.mm */,
				13B07FB51A68108700A75B9A /* Images.xcassets */,
				13B07FB61A68108700A75B9A /* Info.plist */,
				81AB9BB72411601600AC10FF /* LaunchScreen.storyboard */,
				13B07FB71A68108700A75B9A /* main.m */,
			);
			name = weatherForecastRNApp;
			sourceTree = "<group>";
		};
		2D16E6871FA4F8E400B85C8A /* Frameworks */ = {
			isa = PBXGroup;
			children = (
				ED297162215061F000B7C4FE /* JavaScriptCore.framework */,
				D890F37A05BA2357A6E598AE /* libPods-weatherForecastRNApp.a */,
				0C9910263B0040C64069C895 /* libPods-weatherForecastRNApp-weatherForecastRNAppTests.a */,
			);
			name = Frameworks;
			sourceTree = "<group>";
		};
		6A765C5C7C784E3D9C894FB5 /* Resources */ = {
			isa = PBXGroup;
			children = (
				DFC8A57DA1504EBE98E2881D /* SFUIDisplay-Black.otf */,
				852EADA5E4644B509C921981 /* SFUIDisplay-Bold.otf */,
				9F191792E0C246E880851EC5 /* SFUIDisplay-Heavy.otf */,
				2A9AF1C95E1A433EB2065C03 /* SFUIDisplay-Light.otf */,
				83EEFD59730F416A8DEE1753 /* SFUIDisplay-Medium.otf */,
				BB5B3D1B6FB445BABE5484B4 /* SFUIDisplay-Semibold.otf */,
				3AF4E85F028B49619F8ECDBA /* SFUIDisplay-Thin.otf */,
				E2F307C66F954E2E92C32B1E /* SFUIDisplay-Ultralight.otf */,
				B7C2714138D040E28E1AC994 /* Lato-Black.ttf */,
				40606583C05D4290BB6B99AE /* Lato-BlackItalic.ttf */,
				8B2EAF7BB7F846539987EC4C /* Lato-Bold.ttf */,
				F38A028E947C4BE6917475FA /* Lato-BoldItalic.ttf */,
				1DAFE400559640BD8F2F8E7E /* Lato-Italic.ttf */,
				8EDA914AB53B409C98A233C8 /* Lato-Light.ttf */,
				6F0B47989DEC4E9BA33FDAD6 /* Lato-LightItalic.ttf */,
				F47CC301463541C4BD05A9DB /* Lato-Regular.ttf */,
				5D2AE0F7D12043A4916AC40F /* Lato-Thin.ttf */,
				ABF2DE3662FB45918A704AF4 /* Lato-ThinItalic.ttf */,
				15FBC723EFD742A7904D010A /* Montserrat-Black.ttf */,
				9558A32DB3044D1DB328923F /* Montserrat-BlackItalic.ttf */,
				42D3196E2DDC42DDB6FB023F /* Montserrat-Bold.ttf */,
				7573C0E9F62548C19BEB5EA4 /* Montserrat-BoldItalic.ttf */,
				11FAAAC7716D4A04BB890681 /* Montserrat-ExtraBold.ttf */,
				4AD1A31DAB8A4B5F846C00BB /* Montserrat-ExtraBoldItalic.ttf */,
				2FCEBF597FA84017923CD572 /* Montserrat-ExtraLight.ttf */,
				92112B6090344418BED6DBE9 /* Montserrat-ExtraLightItalic.ttf */,
				D136798EFFD448ADAD25BB69 /* Montserrat-Italic.ttf */,
				F03CA8D1A6A049FB949D0B75 /* Montserrat-Light.ttf */,
				0EF25A9311C64D91BDD7428C /* Montserrat-LightItalic.ttf */,
				535A32E200CD433BB3A0A244 /* Montserrat-Medium.ttf */,
				6466DF8A3B934BE4AAE07DB5 /* Montserrat-MediumItalic.ttf */,
				F6A6A050E42746339CE1E912 /* Montserrat-Regular.ttf */,
				DF6DE0350FD346F6AD31DC2C /* Montserrat-SemiBold.ttf */,
				C1B5C792BC2A447186A700EB /* Montserrat-SemiBoldItalic.ttf */,
				1B2F7E629E784296A26BA0AE /* Montserrat-Thin.ttf */,
				14C096A56B834346AFAE66E9 /* Montserrat-ThinItalic.ttf */,
				BF9AC8D691CD4371A7C97606 /* OpenSans-Bold.ttf */,
				80FB31660A8E45AD978B865B /* OpenSans-BoldItalic.ttf */,
				92ADB5F59BE84B9EB0F2109F /* OpenSans-ExtraBold.ttf */,
				04ECA70F86FF43E2B253E9B3 /* OpenSans-ExtraBoldItalic.ttf */,
				EF82076258E94A2CBC1FF8AC /* OpenSans-Italic.ttf */,
				E1B054968E2149CBBFFC2055 /* OpenSans-Light.ttf */,
				AD620915B53444BAA23D3A85 /* OpenSans-LightItalic.ttf */,
				2DB1438DD41C42179442637A /* OpenSans-Medium.ttf */,
				95E86F131D234C9A8D3DB6FF /* OpenSans-MediumItalic.ttf */,
				4F994F21E52347A9AB759253 /* OpenSans-Regular.ttf */,
				94F00ADD222143BEA9162DF2 /* OpenSans-SemiBold.ttf */,
				E3AE3E261F2042558187E100 /* OpenSans-SemiBoldItalic.ttf */,
				AFB75C5606424ABE84B78532 /* OpenSans_Condensed-Bold.ttf */,
				E94A7C232D3B476693C1A996 /* OpenSans_Condensed-BoldItalic.ttf */,
				42D05701CF024B2D86F9F186 /* OpenSans_Condensed-ExtraBold.ttf */,
				3634FB0FF7DE43BD8F0DD9F5 /* OpenSans_Condensed-ExtraBoldItalic.ttf */,
				D320353608FA4706830A74C6 /* OpenSans_Condensed-Italic.ttf */,
				16A7CDE6646D4E9FBD60C6B4 /* OpenSans_Condensed-Light.ttf */,
				3D7FC83CEBF641B180C8FD1D /* OpenSans_Condensed-LightItalic.ttf */,
				DFC722F741634659A5482977 /* OpenSans_Condensed-Medium.ttf */,
				C75AB6AEAAA4402FB1D3C24A /* OpenSans_Condensed-MediumItalic.ttf */,
				A3C1EEF7931F4518ABDA486C /* OpenSans_Condensed-Regular.ttf */,
				A4641E6070E5479A9C8B1534 /* OpenSans_Condensed-SemiBold.ttf */,
				EAA2767455BE45EE9C0D47E8 /* OpenSans_Condensed-SemiBoldItalic.ttf */,
				EA0F96AFD12F492BA6F911EB /* OpenSans_SemiCondensed-Bold.ttf */,
				3B0260E490F74B2D85012837 /* OpenSans_SemiCondensed-BoldItalic.ttf */,
				5D5DA65F0F9D487E850E6B1A /* OpenSans_SemiCondensed-ExtraBold.ttf */,
				035BCA80DBAF432ABDD4D075 /* OpenSans_SemiCondensed-ExtraBoldItalic.ttf */,
				A59DB8B6CD5948138FE89265 /* OpenSans_SemiCondensed-Italic.ttf */,
				455B29BD24DD42CBA0DFAAB4 /* OpenSans_SemiCondensed-Light.ttf */,
				DA0540CAF5B1452D8115074A /* OpenSans_SemiCondensed-LightItalic.ttf */,
				B56B86904C7846FBA323C45A /* OpenSans_SemiCondensed-Medium.ttf */,
				3A18A1422E2341A5B990B40D /* OpenSans_SemiCondensed-MediumItalic.ttf */,
				92D949A35F1C4E889BC31C50 /* OpenSans_SemiCondensed-Regular.ttf */,
				2DEBEC9E9EFF42D3949C4395 /* OpenSans_SemiCondensed-SemiBold.ttf */,
				423FD4D7DCE442C983C2190D /* OpenSans_SemiCondensed-SemiBoldItalic.ttf */,
				A7C893EFC3DE4CC2854063E9 /* Roboto-Black.ttf */,
				B118D35140754E99A30D86A1 /* Roboto-BlackItalic.ttf */,
				D743C24325384DBE869539BD /* Roboto-Bold.ttf */,
				8666FF890FC348108DB3DC96 /* Roboto-BoldItalic.ttf */,
				BF71038B3FA347A290583BBF /* Roboto-Italic.ttf */,
				84C80CD41FA44EA7A70CD640 /* Roboto-Light.ttf */,
				F5771E07098F4324AFC4B64A /* Roboto-LightItalic.ttf */,
				4175E0A0F806426982D2BE2C /* Roboto-Medium.ttf */,
				480A092E8C484B2B87B368DF /* Roboto-MediumItalic.ttf */,
				560A4A7CC92D4AE0975D2E5D /* Roboto-Regular.ttf */,
				A5CF3D9E46AD4C738C4F4DA0 /* Roboto-Thin.ttf */,
				0C1D81B05D1446CB9A5AC0EB /* Roboto-ThinItalic.ttf */,
				180391C099C54D5C81BE7762 /* Ubuntu-Bold.ttf */,
				83CB6AEB0D3445DEA6E637D8 /* Ubuntu-BoldItalic.ttf */,
				93B11AE639C74578B432F317 /* Ubuntu-Italic.ttf */,
				4C60B1E07BAE4243AD926D37 /* Ubuntu-Light.ttf */,
				EFB0B126DCF44A37A468FFF3 /* Ubuntu-LightItalic.ttf */,
				474021BB1E39492786931E19 /* Ubuntu-Medium.ttf */,
				12CF00130C8A491A9AA75D1B /* Ubuntu-MediumItalic.ttf */,
				9B1F770571C047D0B85615FA /* Ubuntu-Regular.ttf */,
			);
			name = Resources;
			sourceTree = "<group>";
		};
		832341AE1AAA6A7D00B99B32 /* Libraries */ = {
			isa = PBXGroup;
			children = (
			);
			name = Libraries;
			sourceTree = "<group>";
		};
		83CBB9F61A601CBA00E9B192 = {
			isa = PBXGroup;
			children = (
				13B07FAE1A68108700A75B9A /* weatherForecastRNApp */,
				832341AE1AAA6A7D00B99B32 /* Libraries */,
				00E356EF1AD99517003FC87E /* weatherForecastRNAppTests */,
				83CBBA001A601CBA00E9B192 /* Products */,
				2D16E6871FA4F8E400B85C8A /* Frameworks */,
				BBD78D7AC51CEA395F1C20DB /* Pods */,
				6A765C5C7C784E3D9C894FB5 /* Resources */,
			);
			indentWidth = 2;
			sourceTree = "<group>";
			tabWidth = 2;
			usesTabs = 0;
		};
		83CBBA001A601CBA00E9B192 /* Products */ = {
			isa = PBXGroup;
			children = (
				13B07F961A680F5B00A75B9A /* weatherForecastRNApp.app */,
				00E356EE1AD99517003FC87E /* weatherForecastRNAppTests.xctest */,
			);
			name = Products;
			sourceTree = "<group>";
		};
		BBD78D7AC51CEA395F1C20DB /* Pods */ = {
			isa = PBXGroup;
			children = (
				D220066A6989C030C8A03235 /* Pods-weatherForecastRNApp.debug.xcconfig */,
				F7BB2CCFB46B1BED8A8D3FFE /* Pods-weatherForecastRNApp.release.xcconfig */,
				BA29DC39BA6CE666242812CE /* Pods-weatherForecastRNApp-weatherForecastRNAppTests.debug.xcconfig */,
				4C95F8825BF357C36217FF3F /* Pods-weatherForecastRNApp-weatherForecastRNAppTests.release.xcconfig */,
			);
			path = Pods;
			sourceTree = "<group>";
		};
/* End PBXGroup section */

/* Begin PBXNativeTarget section */
		00E356ED1AD99517003FC87E /* weatherForecastRNAppTests */ = {
			isa = PBXNativeTarget;
			buildConfigurationList = 00E357021AD99517003FC87E /* Build configuration list for PBXNativeTarget "weatherForecastRNAppTests" */;
			buildPhases = (
				35DEB7ECF47FFCCC62F1F187 /* [CP] Check Pods Manifest.lock */,
				00E356EA1AD99517003FC87E /* Sources */,
				00E356EB1AD99517003FC87E /* Frameworks */,
				00E356EC1AD99517003FC87E /* Resources */,
				4239028CD8B54CF09EE03E1C /* [CP] Embed Pods Frameworks */,
				01395E5784979BD1DB98BC4C /* [CP] Copy Pods Resources */,
			);
			buildRules = (
			);
			dependencies = (
				00E356F51AD99517003FC87E /* PBXTargetDependency */,
			);
			name = weatherForecastRNAppTests;
			productName = weatherForecastRNAppTests;
			productReference = 00E356EE1AD99517003FC87E /* weatherForecastRNAppTests.xctest */;
			productType = "com.apple.product-type.bundle.unit-test";
		};
		13B07F861A680F5B00A75B9A /* weatherForecastRNApp */ = {
			isa = PBXNativeTarget;
			buildConfigurationList = 13B07F931A680F5B00A75B9A /* Build configuration list for PBXNativeTarget "weatherForecastRNApp" */;
			buildPhases = (
				B8429486B0C34F658310F173 /* [CP] Check Pods Manifest.lock */,
				FD10A7F022414F080027D42C /* Start Packager */,
				13B07F871A680F5B00A75B9A /* Sources */,
				13B07F8C1A680F5B00A75B9A /* Frameworks */,
				13B07F8E1A680F5B00A75B9A /* Resources */,
				00DD1BFF1BD5951E006B06BC /* Bundle React Native code and images */,
				A704900B3EABD186B17E244D /* [CP] Embed Pods Frameworks */,
				FC53EEC6154D5E41892B1B32 /* [CP] Copy Pods Resources */,
			);
			buildRules = (
			);
			dependencies = (
			);
			name = weatherForecastRNApp;
			productName = weatherForecastRNApp;
			productReference = 13B07F961A680F5B00A75B9A /* weatherForecastRNApp.app */;
			productType = "com.apple.product-type.application";
		};
/* End PBXNativeTarget section */

/* Begin PBXProject section */
		83CBB9F71A601CBA00E9B192 /* Project object */ = {
			isa = PBXProject;
			attributes = {
				LastUpgradeCheck = 1210;
				TargetAttributes = {
					00E356ED1AD99517003FC87E = {
						CreatedOnToolsVersion = 6.2;
						TestTargetID = 13B07F861A680F5B00A75B9A;
					};
					13B07F861A680F5B00A75B9A = {
						LastSwiftMigration = 1120;
					};
				};
			};
			buildConfigurationList = 83CBB9FA1A601CBA00E9B192 /* Build configuration list for PBXProject "weatherForecastRNApp" */;
			compatibilityVersion = "Xcode 12.0";
			developmentRegion = en;
			hasScannedForEncodings = 0;
			knownRegions = (
				en,
				Base,
			);
			mainGroup = 83CBB9F61A601CBA00E9B192;
			productRefGroup = 83CBBA001A601CBA00E9B192 /* Products */;
			projectDirPath = "";
			projectRoot = "";
			targets = (
				13B07F861A680F5B00A75B9A /* weatherForecastRNApp */,
				00E356ED1AD99517003FC87E /* weatherForecastRNAppTests */,
			);
		};
/* End PBXProject section */

/* Begin PBXResourcesBuildPhase section */
		00E356EC1AD99517003FC87E /* Resources */ = {
			isa = PBXResourcesBuildPhase;
			buildActionMask = 2147483647;
			files = (
			);
			runOnlyForDeploymentPostprocessing = 0;
		};
		13B07F8E1A680F5B00A75B9A /* Resources */ = {
			isa = PBXResourcesBuildPhase;
			buildActionMask = 2147483647;
			files = (
				81AB9BB82411601600AC10FF /* LaunchScreen.storyboard in Resources */,
				13B07FBF1A68108700A75B9A /* Images.xcassets in Resources */,
				5AE4DEAF1A434FA8AB5EFB74 /* SFUIDisplay-Black.otf in Resources */,
				217569D1092D45719AB6420E /* SFUIDisplay-Bold.otf in Resources */,
				14A4CE1390884A0FA710571F /* SFUIDisplay-Heavy.otf in Resources */,
				AE512CE284AE4150A11D9866 /* SFUIDisplay-Light.otf in Resources */,
				2B7AF789FDBB49FF93F54DF0 /* SFUIDisplay-Medium.otf in Resources */,
				D0AB1252288048E6A46C3555 /* SFUIDisplay-Semibold.otf in Resources */,
				36E14EC8B0D445C3A34C22F5 /* SFUIDisplay-Thin.otf in Resources */,
				77481906179448EDB5983C90 /* SFUIDisplay-Ultralight.otf in Resources */,
				815F54E98D974ABF97FE21DE /* Lato-Black.ttf in Resources */,
				57CE78333E9F4B329EC4B58C /* Lato-BlackItalic.ttf in Resources */,
				0FC08C31220E41AB8F931DDF /* Lato-Bold.ttf in Resources */,
				4E152B8F889242C79CC38385 /* Lato-BoldItalic.ttf in Resources */,
				37764D1BC08A469FAC66D4E1 /* Lato-Italic.ttf in Resources */,
				F041DFF0E4AF4401A44B9A83 /* Lato-Light.ttf in Resources */,
				08E890AEBAE94E749337C45A /* Lato-LightItalic.ttf in Resources */,
				B4B83BB1082741E49A609DDE /* Lato-Regular.ttf in Resources */,
				4CD3E9F5E01F442298C282E1 /* Lato-Thin.ttf in Resources */,
				6106CE8CA7454359B3984CE7 /* Lato-ThinItalic.ttf in Resources */,
				9C7485120543417498E8B54F /* Montserrat-Black.ttf in Resources */,
				EC373553A3B6459CAB1113CA /* Montserrat-BlackItalic.ttf in Resources */,
				B8E32F3C42B647F08594521E /* Montserrat-Bold.ttf in Resources */,
				59DDD8BC6B154B608C8E6638 /* Montserrat-BoldItalic.ttf in Resources */,
				12CDE6AFE3E4483CB08A8523 /* Montserrat-ExtraBold.ttf in Resources */,
				E498BA17EBC84D95AB6C8C89 /* Montserrat-ExtraBoldItalic.ttf in Resources */,
				5DABD002695E4E2B92EA99DD /* Montserrat-ExtraLight.ttf in Resources */,
				9F92980D76FE4C668B7E81F6 /* Montserrat-ExtraLightItalic.ttf in Resources */,
				AAB4C3E6DF5F43FE87F6E7C7 /* Montserrat-Italic.ttf in Resources */,
				568AF1C6B83D4E78B130E497 /* Montserrat-Light.ttf in Resources */,
				72C0F02CEC4143E69CB4D1D1 /* Montserrat-LightItalic.ttf in Resources */,
				079A5D4E3A2F4819A322507F /* Montserrat-Medium.ttf in Resources */,
				DAAC2ACA25914FBD9DEE47DC /* Montserrat-MediumItalic.ttf in Resources */,
				939D7D29C02845B2A1894836 /* Montserrat-Regular.ttf in Resources */,
				E37B84B0E2F2418E8D4BE5C5 /* Montserrat-SemiBold.ttf in Resources */,
				E3EFD57B14144325BBC426F9 /* Montserrat-SemiBoldItalic.ttf in Resources */,
				EEA297E0FDB2477A96296B65 /* Montserrat-Thin.ttf in Resources */,
				84E21CDEC8E44069A22E695D /* Montserrat-ThinItalic.ttf in Resources */,
				581BA2F3FD7B4FE7B184EC5F /* OpenSans-Bold.ttf in Resources */,
				D6EB91EA70064EE399FF1EAF /* OpenSans-BoldItalic.ttf in Resources */,
				3AE53BE078F248F6B15D2034 /* OpenSans-ExtraBold.ttf in Resources */,
				AAD34CEBE140410BAFF7E847 /* OpenSans-ExtraBoldItalic.ttf in Resources */,
				B9AE9187A48947E6A81330B1 /* OpenSans-Italic.ttf in Resources */,
				D7A893677EEA448BA601321E /* OpenSans-Light.ttf in Resources */,
				34B8CD14E8634465B03C372D /* OpenSans-LightItalic.ttf in Resources */,
				9A68E1D7DA77473097E84DE0 /* OpenSans-Medium.ttf in Resources */,
				2BA3C488AE0C4EBA8D7D47FE /* OpenSans-MediumItalic.ttf in Resources */,
				F1AD7A06471243238659B343 /* OpenSans-Regular.ttf in Resources */,
				62C3772353664133B47DFA30 /* OpenSans-SemiBold.ttf in Resources */,
				1947CF4B6F004D3688717C6F /* OpenSans-SemiBoldItalic.ttf in Resources */,
				2D167C699FAF444BA2AB0263 /* OpenSans_Condensed-Bold.ttf in Resources */,
				4F95865272BB47A286185214 /* OpenSans_Condensed-BoldItalic.ttf in Resources */,
				E6C1A0F66A0544A99B02C2AF /* OpenSans_Condensed-ExtraBold.ttf in Resources */,
				A8E49296EB8F4FE7A58E2A87 /* OpenSans_Condensed-ExtraBoldItalic.ttf in Resources */,
				A2926B5C1419483AA514CF2B /* OpenSans_Condensed-Italic.ttf in Resources */,
				7B98B3EB0CE2469FAD2D635B /* OpenSans_Condensed-Light.ttf in Resources */,
				9E726DD00802472086E18AE5 /* OpenSans_Condensed-LightItalic.ttf in Resources */,
				18F86292D55F4ED5B2FB4861 /* OpenSans_Condensed-Medium.ttf in Resources */,
				57C9561EE79E49C99AE154FB /* OpenSans_Condensed-MediumItalic.ttf in Resources */,
				C200CE02F1D14732B4DE4AF2 /* OpenSans_Condensed-Regular.ttf in Resources */,
				4F8AE5494880481DAC25D834 /* OpenSans_Condensed-SemiBold.ttf in Resources */,
				132D85F7F2954F1C8B4A9148 /* OpenSans_Condensed-SemiBoldItalic.ttf in Resources */,
				E032A37A7473486DBC1FB208 /* OpenSans_SemiCondensed-Bold.ttf in Resources */,
				32ED669672234160B32FFEE6 /* OpenSans_SemiCondensed-BoldItalic.ttf in Resources */,
				73C7DD0823D5415AA42E3574 /* OpenSans_SemiCondensed-ExtraBold.ttf in Resources */,
				479593119BB3444B934A1573 /* OpenSans_SemiCondensed-ExtraBoldItalic.ttf in Resources */,
				9451484BD3844888A1C49F89 /* OpenSans_SemiCondensed-Italic.ttf in Resources */,
				96C8A39862CA4D35B3E88A83 /* OpenSans_SemiCondensed-Light.ttf in Resources */,
				BCA39ED8050745DAAE3B8359 /* OpenSans_SemiCondensed-LightItalic.ttf in Resources */,
				380E821A2CCF46A08368DDBA /* OpenSans_SemiCondensed-Medium.ttf in Resources */,
				9F0A0054816F4E24B5F7B61F /* OpenSans_SemiCondensed-MediumItalic.ttf in Resources */,
				3755F7EEA62C479AB0EDE1FF /* OpenSans_SemiCondensed-Regular.ttf in Resources */,
				6A941C839C934944A7B4F1B3 /* OpenSans_SemiCondensed-SemiBold.ttf in Resources */,
				B5D80F4A68C9441EBEEB8F23 /* OpenSans_SemiCondensed-SemiBoldItalic.ttf in Resources */,
				50FBB31756CD475E9519F191 /* Roboto-Black.ttf in Resources */,
				E7FA3795EDED45C48BFBF133 /* Roboto-BlackItalic.ttf in Resources */,
				0E0969AD56B44CF49562911C /* Roboto-Bold.ttf in Resources */,
				8374A3274D504ECF846B67E0 /* Roboto-BoldItalic.ttf in Resources */,
				06BE54EA15374D599E9C5060 /* Roboto-Italic.ttf in Resources */,
				A04D6D32247A48E18342950A /* Roboto-Light.ttf in Resources */,
				83540952A4134D21AB14A47D /* Roboto-LightItalic.ttf in Resources */,
				9567E134D8CE4C56812527E9 /* Roboto-Medium.ttf in Resources */,
				F8BED5052937457586A38F76 /* Roboto-MediumItalic.ttf in Resources */,
				A89CBC2C848E449B892790DA /* Roboto-Regular.ttf in Resources */,
				DB0C6B6487944D94AD6B1AE3 /* Roboto-Thin.ttf in Resources */,
				21D707407A884F6785391F5C /* Roboto-ThinItalic.ttf in Resources */,
				95DCAB1288154FAF9F20F456 /* Ubuntu-Bold.ttf in Resources */,
				8913067E1DC445FEA8ACE703 /* Ubuntu-BoldItalic.ttf in Resources */,
				E8DEA84D9B33475E8616C216 /* Ubuntu-Italic.ttf in Resources */,
				C58EEEACFA8D4E15BA4E4F3A /* Ubuntu-Light.ttf in Resources */,
				3B05DA7707404CEC936141DF /* Ubuntu-LightItalic.ttf in Resources */,
				03DBB968E6424CE7A8BDCEFB /* Ubuntu-Medium.ttf in Resources */,
				CF6CDB7D1DDF4C9F9941972A /* Ubuntu-MediumItalic.ttf in Resources */,
				6A4A231D780146DEBD00CBDB /* Ubuntu-Regular.ttf in Resources */,
			);
			runOnlyForDeploymentPostprocessing = 0;
		};
/* End PBXResourcesBuildPhase section */

/* Begin PBXShellScriptBuildPhase section */
		00DD1BFF1BD5951E006B06BC /* Bundle React Native code and images */ = {
			isa = PBXShellScriptBuildPhase;
			buildActionMask = 2147483647;
			files = (
			);
			inputPaths = (
				"$(SRCROOT)/.xcode.env.local",
				"$(SRCROOT)/.xcode.env",
			);
			name = "Bundle React Native code and images";
			outputPaths = (
			);
			runOnlyForDeploymentPostprocessing = 0;
			shellPath = /bin/sh;
			shellScript = "set -e\n\nWITH_ENVIRONMENT=\"../node_modules/react-native/scripts/xcode/with-environment.sh\"\nREACT_NATIVE_XCODE=\"../node_modules/react-native/scripts/react-native-xcode.sh\"\n\n/bin/sh -c \"$WITH_ENVIRONMENT $REACT_NATIVE_XCODE\"\n";
		};
		01395E5784979BD1DB98BC4C /* [CP] Copy Pods Resources */ = {
			isa = PBXShellScriptBuildPhase;
			buildActionMask = 2147483647;
			files = (
			);
			inputFileListPaths = (
				"${PODS_ROOT}/Target Support Files/Pods-weatherForecastRNApp-weatherForecastRNAppTests/Pods-weatherForecastRNApp-weatherForecastRNAppTests-resources-${CONFIGURATION}-input-files.xcfilelist",
			);
			name = "[CP] Copy Pods Resources";
			outputFileListPaths = (
				"${PODS_ROOT}/Target Support Files/Pods-weatherForecastRNApp-weatherForecastRNAppTests/Pods-weatherForecastRNApp-weatherForecastRNAppTests-resources-${CONFIGURATION}-output-files.xcfilelist",
			);
			runOnlyForDeploymentPostprocessing = 0;
			shellPath = /bin/sh;
			shellScript = "\"${PODS_ROOT}/Target Support Files/Pods-weatherForecastRNApp-weatherForecastRNAppTests/Pods-weatherForecastRNApp-weatherForecastRNAppTests-resources.sh\"\n";
			showEnvVarsInLog = 0;
		};
		35DEB7ECF47FFCCC62F1F187 /* [CP] Check Pods Manifest.lock */ = {
			isa = PBXShellScriptBuildPhase;
			buildActionMask = 2147483647;
			files = (
			);
			inputFileListPaths = (
			);
			inputPaths = (
				"${PODS_PODFILE_DIR_PATH}/Podfile.lock",
				"${PODS_ROOT}/Manifest.lock",
			);
			name = "[CP] Check Pods Manifest.lock";
			outputFileListPaths = (
			);
			outputPaths = (
				"$(DERIVED_FILE_DIR)/Pods-weatherForecastRNApp-weatherForecastRNAppTests-checkManifestLockResult.txt",
			);
			runOnlyForDeploymentPostprocessing = 0;
			shellPath = /bin/sh;
			shellScript = "diff \"${PODS_PODFILE_DIR_PATH}/Podfile.lock\" \"${PODS_ROOT}/Manifest.lock\" > /dev/null\nif [ $? != 0 ] ; then\n    # print error to STDERR\n    echo \"error: The sandbox is not in sync with the Podfile.lock. Run 'pod install' or update your CocoaPods installation.\" >&2\n    exit 1\nfi\n# This output is used by Xcode 'outputs' to avoid re-running this script phase.\necho \"SUCCESS\" > \"${SCRIPT_OUTPUT_FILE_0}\"\n";
			showEnvVarsInLog = 0;
		};
		4239028CD8B54CF09EE03E1C /* [CP] Embed Pods Frameworks */ = {
			isa = PBXShellScriptBuildPhase;
			buildActionMask = 2147483647;
			files = (
			);
			inputFileListPaths = (
				"${PODS_ROOT}/Target Support Files/Pods-weatherForecastRNApp-weatherForecastRNAppTests/Pods-weatherForecastRNApp-weatherForecastRNAppTests-frameworks-${CONFIGURATION}-input-files.xcfilelist",
			);
			name = "[CP] Embed Pods Frameworks";
			outputFileListPaths = (
				"${PODS_ROOT}/Target Support Files/Pods-weatherForecastRNApp-weatherForecastRNAppTests/Pods-weatherForecastRNApp-weatherForecastRNAppTests-frameworks-${CONFIGURATION}-output-files.xcfilelist",
			);
			runOnlyForDeploymentPostprocessing = 0;
			shellPath = /bin/sh;
			shellScript = "\"${PODS_ROOT}/Target Support Files/Pods-weatherForecastRNApp-weatherForecastRNAppTests/Pods-weatherForecastRNApp-weatherForecastRNAppTests-frameworks.sh\"\n";
			showEnvVarsInLog = 0;
		};
		A704900B3EABD186B17E244D /* [CP] Embed Pods Frameworks */ = {
			isa = PBXShellScriptBuildPhase;
			buildActionMask = 2147483647;
			files = (
			);
			inputFileListPaths = (
				"${PODS_ROOT}/Target Support Files/Pods-weatherForecastRNApp/Pods-weatherForecastRNApp-frameworks-${CONFIGURATION}-input-files.xcfilelist",
			);
			name = "[CP] Embed Pods Frameworks";
			outputFileListPaths = (
				"${PODS_ROOT}/Target Support Files/Pods-weatherForecastRNApp/Pods-weatherForecastRNApp-frameworks-${CONFIGURATION}-output-files.xcfilelist",
			);
			runOnlyForDeploymentPostprocessing = 0;
			shellPath = /bin/sh;
			shellScript = "\"${PODS_ROOT}/Target Support Files/Pods-weatherForecastRNApp/Pods-weatherForecastRNApp-frameworks.sh\"\n";
			showEnvVarsInLog = 0;
		};
		B8429486B0C34F658310F173 /* [CP] Check Pods Manifest.lock */ = {
			isa = PBXShellScriptBuildPhase;
			buildActionMask = 2147483647;
			files = (
			);
			inputFileListPaths = (
			);
			inputPaths = (
				"${PODS_PODFILE_DIR_PATH}/Podfile.lock",
				"${PODS_ROOT}/Manifest.lock",
			);
			name = "[CP] Check Pods Manifest.lock";
			outputFileListPaths = (
			);
			outputPaths = (
				"$(DERIVED_FILE_DIR)/Pods-weatherForecastRNApp-checkManifestLockResult.txt",
			);
			runOnlyForDeploymentPostprocessing = 0;
			shellPath = /bin/sh;
			shellScript = "diff \"${PODS_PODFILE_DIR_PATH}/Podfile.lock\" \"${PODS_ROOT}/Manifest.lock\" > /dev/null\nif [ $? != 0 ] ; then\n    # print error to STDERR\n    echo \"error: The sandbox is not in sync with the Podfile.lock. Run 'pod install' or update your CocoaPods installation.\" >&2\n    exit 1\nfi\n# This output is used by Xcode 'outputs' to avoid re-running this script phase.\necho \"SUCCESS\" > \"${SCRIPT_OUTPUT_FILE_0}\"\n";
			showEnvVarsInLog = 0;
		};
		FC53EEC6154D5E41892B1B32 /* [CP] Copy Pods Resources */ = {
			isa = PBXShellScriptBuildPhase;
			buildActionMask = 2147483647;
			files = (
			);
			inputFileListPaths = (
				"${PODS_ROOT}/Target Support Files/Pods-weatherForecastRNApp/Pods-weatherForecastRNApp-resources-${CONFIGURATION}-input-files.xcfilelist",
			);
			name = "[CP] Copy Pods Resources";
			outputFileListPaths = (
				"${PODS_ROOT}/Target Support Files/Pods-weatherForecastRNApp/Pods-weatherForecastRNApp-resources-${CONFIGURATION}-output-files.xcfilelist",
			);
			runOnlyForDeploymentPostprocessing = 0;
			shellPath = /bin/sh;
			shellScript = "\"${PODS_ROOT}/Target Support Files/Pods-weatherForecastRNApp/Pods-weatherForecastRNApp-resources.sh\"\n";
			showEnvVarsInLog = 0;
		};
		FD10A7F022414F080027D42C /* Start Packager */ = {
			isa = PBXShellScriptBuildPhase;
			buildActionMask = 2147483647;
			files = (
			);
			inputFileListPaths = (
			);
			inputPaths = (
			);
			name = "Start Packager";
			outputFileListPaths = (
			);
			outputPaths = (
			);
			runOnlyForDeploymentPostprocessing = 0;
			shellPath = /bin/sh;
			shellScript = "export RCT_METRO_PORT=\"${RCT_METRO_PORT:=8081}\"\necho \"export RCT_METRO_PORT=${RCT_METRO_PORT}\" > \"${SRCROOT}/../node_modules/react-native/scripts/.packager.env\"\nif [ -z \"${RCT_NO_LAUNCH_PACKAGER+xxx}\" ] ; then\n  if nc -w 5 -z localhost ${RCT_METRO_PORT} ; then\n    if ! curl -s \"http://localhost:${RCT_METRO_PORT}/status\" | grep -q \"packager-status:running\" ; then\n      echo \"Port ${RCT_METRO_PORT} already in use, packager is either not running or not running correctly\"\n      exit 2\n    fi\n  else\n    open \"$SRCROOT/../node_modules/react-native/scripts/launchPackager.command\" || echo \"Can't start packager automatically\"\n  fi\nfi\n";
			showEnvVarsInLog = 0;
		};
/* End PBXShellScriptBuildPhase section */

/* Begin PBXSourcesBuildPhase section */
		00E356EA1AD99517003FC87E /* Sources */ = {
			isa = PBXSourcesBuildPhase;
			buildActionMask = 2147483647;
			files = (
				00E356F31AD99517003FC87E /* weatherForecastRNAppTests.m in Sources */,
			);
			runOnlyForDeploymentPostprocessing = 0;
		};
		13B07F871A680F5B00A75B9A /* Sources */ = {
			isa = PBXSourcesBuildPhase;
			buildActionMask = 2147483647;
			files = (
				13B07FBC1A68108700A75B9A /* AppDelegate.mm in Sources */,
				13B07FC11A68108700A75B9A /* main.m in Sources */,
			);
			runOnlyForDeploymentPostprocessing = 0;
		};
/* End PBXSourcesBuildPhase section */

/* Begin PBXTargetDependency section */
		00E356F51AD99517003FC87E /* PBXTargetDependency */ = {
			isa = PBXTargetDependency;
			target = 13B07F861A680F5B00A75B9A /* weatherForecastRNApp */;
			targetProxy = 00E356F41AD99517003FC87E /* PBXContainerItemProxy */;
		};
/* End PBXTargetDependency section */

/* Begin XCBuildConfiguration section */
		00E356F61AD99517003FC87E /* Debug */ = {
			isa = XCBuildConfiguration;
			baseConfigurationReference = BA29DC39BA6CE666242812CE /* Pods-weatherForecastRNApp-weatherForecastRNAppTests.debug.xcconfig */;
			buildSettings = {
				BUNDLE_LOADER = "$(TEST_HOST)";
				GCC_PREPROCESSOR_DEFINITIONS = (
					"DEBUG=1",
					"$(inherited)",
				);
				INFOPLIST_FILE = weatherForecastRNAppTests/Info.plist;
				IPHONEOS_DEPLOYMENT_TARGET = 12.4;
				LD_RUNPATH_SEARCH_PATHS = (
					"$(inherited)",
					"@executable_path/Frameworks",
					"@loader_path/Frameworks",
				);
				OTHER_LDFLAGS = (
					"-ObjC",
					"-lc++",
					"$(inherited)",
				);
				PRODUCT_BUNDLE_IDENTIFIER = "org.reactjs.native.example.$(PRODUCT_NAME:rfc1034identifier)";
				PRODUCT_NAME = "$(TARGET_NAME)";
				TEST_HOST = "$(BUILT_PRODUCTS_DIR)/weatherForecastRNApp.app/weatherForecastRNApp";
			};
			name = Debug;
		};
		00E356F71AD99517003FC87E /* Release */ = {
			isa = XCBuildConfiguration;
			baseConfigurationReference = 4C95F8825BF357C36217FF3F /* Pods-weatherForecastRNApp-weatherForecastRNAppTests.release.xcconfig */;
			buildSettings = {
				BUNDLE_LOADER = "$(TEST_HOST)";
				COPY_PHASE_STRIP = NO;
				INFOPLIST_FILE = weatherForecastRNAppTests/Info.plist;
				IPHONEOS_DEPLOYMENT_TARGET = 12.4;
				LD_RUNPATH_SEARCH_PATHS = (
					"$(inherited)",
					"@executable_path/Frameworks",
					"@loader_path/Frameworks",
				);
				OTHER_LDFLAGS = (
					"-ObjC",
					"-lc++",
					"$(inherited)",
				);
				PRODUCT_BUNDLE_IDENTIFIER = "org.reactjs.native.example.$(PRODUCT_NAME:rfc1034identifier)";
				PRODUCT_NAME = "$(TARGET_NAME)";
				TEST_HOST = "$(BUILT_PRODUCTS_DIR)/weatherForecastRNApp.app/weatherForecastRNApp";
			};
			name = Release;
		};
		13B07F941A680F5B00A75B9A /* Debug */ = {
			isa = XCBuildConfiguration;
			baseConfigurationReference = D220066A6989C030C8A03235 /* Pods-weatherForecastRNApp.debug.xcconfig */;
			buildSettings = {
				ASSETCATALOG_COMPILER_APPICON_NAME = AppIcon;
				CLANG_ENABLE_MODULES = YES;
				CURRENT_PROJECT_VERSION = 1;
				DEVELOPMENT_TEAM = "";
				ENABLE_BITCODE = NO;
				INFOPLIST_FILE = weatherForecastRNApp/Info.plist;
				LD_RUNPATH_SEARCH_PATHS = (
					"$(inherited)",
					"@executable_path/Frameworks",
				);
				MARKETING_VERSION = 1.0;
				OTHER_LDFLAGS = (
					"$(inherited)",
					"-ObjC",
					"-lc++",
				);
				PRODUCT_BUNDLE_IDENTIFIER = "org.reactjs.native.example.$(PRODUCT_NAME:rfc1034identifier)";
				PRODUCT_NAME = weatherForecastRNApp;
				SWIFT_OPTIMIZATION_LEVEL = "-Onone";
				SWIFT_VERSION = 5.0;
				VERSIONING_SYSTEM = "apple-generic";
			};
			name = Debug;
		};
		13B07F951A680F5B00A75B9A /* Release */ = {
			isa = XCBuildConfiguration;
			baseConfigurationReference = F7BB2CCFB46B1BED8A8D3FFE /* Pods-weatherForecastRNApp.release.xcconfig */;
			buildSettings = {
				ASSETCATALOG_COMPILER_APPICON_NAME = AppIcon;
				CLANG_ENABLE_MODULES = YES;
				CURRENT_PROJECT_VERSION = 1;
				DEVELOPMENT_TEAM = "";
				INFOPLIST_FILE = weatherForecastRNApp/Info.plist;
				LD_RUNPATH_SEARCH_PATHS = (
					"$(inherited)",
					"@executable_path/Frameworks",
				);
				MARKETING_VERSION = 1.0;
				OTHER_LDFLAGS = (
					"$(inherited)",
					"-ObjC",
					"-lc++",
				);
				PRODUCT_BUNDLE_IDENTIFIER = "org.reactjs.native.example.$(PRODUCT_NAME:rfc1034identifier)";
				PRODUCT_NAME = weatherForecastRNApp;
				SWIFT_VERSION = 5.0;
				VERSIONING_SYSTEM = "apple-generic";
			};
			name = Release;
		};
		83CBBA201A601CBA00E9B192 /* Debug */ = {
			isa = XCBuildConfiguration;
			buildSettings = {
				ALWAYS_SEARCH_USER_PATHS = NO;
				CLANG_ANALYZER_LOCALIZABILITY_NONLOCALIZED = YES;
				CLANG_CXX_LANGUAGE_STANDARD = "c++17";
				CLANG_CXX_LIBRARY = "libc++";
				CLANG_ENABLE_MODULES = YES;
				CLANG_ENABLE_OBJC_ARC = YES;
				CLANG_WARN_BLOCK_CAPTURE_AUTORELEASING = YES;
				CLANG_WARN_BOOL_CONVERSION = YES;
				CLANG_WARN_COMMA = YES;
				CLANG_WARN_CONSTANT_CONVERSION = YES;
				CLANG_WARN_DEPRECATED_OBJC_IMPLEMENTATIONS = YES;
				CLANG_WARN_DIRECT_OBJC_ISA_USAGE = YES_ERROR;
				CLANG_WARN_EMPTY_BODY = YES;
				CLANG_WARN_ENUM_CONVERSION = YES;
				CLANG_WARN_INFINITE_RECURSION = YES;
				CLANG_WARN_INT_CONVERSION = YES;
				CLANG_WARN_NON_LITERAL_NULL_CONVERSION = YES;
				CLANG_WARN_OBJC_IMPLICIT_RETAIN_SELF = YES;
				CLANG_WARN_OBJC_LITERAL_CONVERSION = YES;
				CLANG_WARN_OBJC_ROOT_CLASS = YES_ERROR;
				CLANG_WARN_QUOTED_INCLUDE_IN_FRAMEWORK_HEADER = YES;
				CLANG_WARN_RANGE_LOOP_ANALYSIS = YES;
				CLANG_WARN_STRICT_PROTOTYPES = YES;
				CLANG_WARN_SUSPICIOUS_MOVE = YES;
				CLANG_WARN_UNREACHABLE_CODE = YES;
				CLANG_WARN__DUPLICATE_METHOD_MATCH = YES;
				"CODE_SIGN_IDENTITY[sdk=iphoneos*]" = "iPhone Developer";
				COPY_PHASE_STRIP = NO;
				ENABLE_STRICT_OBJC_MSGSEND = YES;
				ENABLE_TESTABILITY = YES;
				"EXCLUDED_ARCHS[sdk=iphonesimulator*]" = "";
				GCC_C_LANGUAGE_STANDARD = gnu99;
				GCC_DYNAMIC_NO_PIC = NO;
				GCC_NO_COMMON_BLOCKS = YES;
				GCC_OPTIMIZATION_LEVEL = 0;
				GCC_PREPROCESSOR_DEFINITIONS = (
					"DEBUG=1",
					"$(inherited)",
				);
				GCC_SYMBOLS_PRIVATE_EXTERN = NO;
				GCC_WARN_64_TO_32_BIT_CONVERSION = YES;
				GCC_WARN_ABOUT_RETURN_TYPE = YES_ERROR;
				GCC_WARN_UNDECLARED_SELECTOR = YES;
				GCC_WARN_UNINITIALIZED_AUTOS = YES_AGGRESSIVE;
				GCC_WARN_UNUSED_FUNCTION = YES;
				GCC_WARN_UNUSED_VARIABLE = YES;
				IPHONEOS_DEPLOYMENT_TARGET = 12.4;
				LD_RUNPATH_SEARCH_PATHS = (
					/usr/lib/swift,
					"$(inherited)",
				);
				LIBRARY_SEARCH_PATHS = (
					"\"$(SDKROOT)/usr/lib/swift\"",
					"\"$(TOOLCHAIN_DIR)/usr/lib/swift/$(PLATFORM_NAME)\"",
					"\"$(inherited)\"",
				);
				MTL_ENABLE_DEBUG_INFO = YES;
				ONLY_ACTIVE_ARCH = YES;
				OTHER_CFLAGS = "$(inherited)";
				OTHER_CPLUSPLUSFLAGS = (
					"$(OTHER_CFLAGS)",
					"-DFOLLY_NO_CONFIG",
					"-DFOLLY_MOBILE=1",
					"-DFOLLY_USE_LIBCPP=1",
				);
				REACT_NATIVE_PATH = "${PODS_ROOT}/../../node_modules/react-native";
				SDKROOT = iphoneos;
			};
			name = Debug;
		};
		83CBBA211A601CBA00E9B192 /* Release */ = {
			isa = XCBuildConfiguration;
			buildSettings = {
				ALWAYS_SEARCH_USER_PATHS = NO;
				CLANG_ANALYZER_LOCALIZABILITY_NONLOCALIZED = YES;
				CLANG_CXX_LANGUAGE_STANDARD = "c++17";
				CLANG_CXX_LIBRARY = "libc++";
				CLANG_ENABLE_MODULES = YES;
				CLANG_ENABLE_OBJC_ARC = YES;
				CLANG_WARN_BLOCK_CAPTURE_AUTORELEASING = YES;
				CLANG_WARN_BOOL_CONVERSION = YES;
				CLANG_WARN_COMMA = YES;
				CLANG_WARN_CONSTANT_CONVERSION = YES;
				CLANG_WARN_DEPRECATED_OBJC_IMPLEMENTATIONS = YES;
				CLANG_WARN_DIRECT_OBJC_ISA_USAGE = YES_ERROR;
				CLANG_WARN_EMPTY_BODY = YES;
				CLANG_WARN_ENUM_CONVERSION = YES;
				CLANG_WARN_INFINITE_RECURSION = YES;
				CLANG_WARN_INT_CONVERSION = YES;
				CLANG_WARN_NON_LITERAL_NULL_CONVERSION = YES;
				CLANG_WARN_OBJC_IMPLICIT_RETAIN_SELF = YES;
				CLANG_WARN_OBJC_LITERAL_CONVERSION = YES;
				CLANG_WARN_OBJC_ROOT_CLASS = YES_ERROR;
				CLANG_WARN_QUOTED_INCLUDE_IN_FRAMEWORK_HEADER = YES;
				CLANG_WARN_RANGE_LOOP_ANALYSIS = YES;
				CLANG_WARN_STRICT_PROTOTYPES = YES;
				CLANG_WARN_SUSPICIOUS_MOVE = YES;
				CLANG_WARN_UNREACHABLE_CODE = YES;
				CLANG_WARN__DUPLICATE_METHOD_MATCH = YES;
				"CODE_SIGN_IDENTITY[sdk=iphoneos*]" = "iPhone Developer";
				COPY_PHASE_STRIP = YES;
				ENABLE_NS_ASSERTIONS = NO;
				ENABLE_STRICT_OBJC_MSGSEND = YES;
				"EXCLUDED_ARCHS[sdk=iphonesimulator*]" = "";
				GCC_C_LANGUAGE_STANDARD = gnu99;
				GCC_NO_COMMON_BLOCKS = YES;
				GCC_WARN_64_TO_32_BIT_CONVERSION = YES;
				GCC_WARN_ABOUT_RETURN_TYPE = YES_ERROR;
				GCC_WARN_UNDECLARED_SELECTOR = YES;
				GCC_WARN_UNINITIALIZED_AUTOS = YES_AGGRESSIVE;
				GCC_WARN_UNUSED_FUNCTION = YES;
				GCC_WARN_UNUSED_VARIABLE = YES;
				IPHONEOS_DEPLOYMENT_TARGET = 12.4;
				LD_RUNPATH_SEARCH_PATHS = (
					/usr/lib/swift,
					"$(inherited)",
				);
				LIBRARY_SEARCH_PATHS = (
					"\"$(SDKROOT)/usr/lib/swift\"",
					"\"$(TOOLCHAIN_DIR)/usr/lib/swift/$(PLATFORM_NAME)\"",
					"\"$(inherited)\"",
				);
				MTL_ENABLE_DEBUG_INFO = NO;
				OTHER_CFLAGS = "$(inherited)";
				OTHER_CPLUSPLUSFLAGS = (
					"$(OTHER_CFLAGS)",
					"-DFOLLY_NO_CONFIG",
					"-DFOLLY_MOBILE=1",
					"-DFOLLY_USE_LIBCPP=1",
				);
				REACT_NATIVE_PATH = "${PODS_ROOT}/../../node_modules/react-native";
				SDKROOT = iphoneos;
				VALIDATE_PRODUCT = YES;
			};
			name = Release;
		};
/* End XCBuildConfiguration section */

/* Begin XCConfigurationList section */
		00E357021AD99517003FC87E /* Build configuration list for PBXNativeTarget "weatherForecastRNAppTests" */ = {
			isa = XCConfigurationList;
			buildConfigurations = (
				00E356F61AD99517003FC87E /* Debug */,
				00E356F71AD99517003FC87E /* Release */,
			);
			defaultConfigurationIsVisible = 0;
			defaultConfigurationName = Release;
		};
		13B07F931A680F5B00A75B9A /* Build configuration list for PBXNativeTarget "weatherForecastRNApp" */ = {
			isa = XCConfigurationList;
			buildConfigurations = (
				13B07F941A680F5B00A75B9A /* Debug */,
				13B07F951A680F5B00A75B9A /* Release */,
			);
			defaultConfigurationIsVisible = 0;
			defaultConfigurationName = Release;
		};
		83CBB9FA1A601CBA00E9B192 /* Build configuration list for PBXProject "weatherForecastRNApp" */ = {
			isa = XCConfigurationList;
			buildConfigurations = (
				83CBBA201A601CBA00E9B192 /* Debug */,
				83CBBA211A601CBA00E9B192 /* Release */,
			);
			defaultConfigurationIsVisible = 0;
			defaultConfigurationName = Release;
		};
/* End XCConfigurationList section */
	};
	rootObject = 83CBB9F71A601CBA00E9B192 /* Project object */;
}
